// !$*UTF8*$!
{
	archiveVersion = 1;
	classes = {
	};
	objectVersion = 55;
	objects = {

/* Begin PBXBuildFile section */
		F465670228ADE18D00094FA2 /* AppDelegate.swift in Sources */ = {isa = PBXBuildFile; fileRef = F465670128ADE18D00094FA2 /* AppDelegate.swift */; };
		F465670428ADE18D00094FA2 /* SceneDelegate.swift in Sources */ = {isa = PBXBuildFile; fileRef = F465670328ADE18D00094FA2 /* SceneDelegate.swift */; };
		F465670628ADE18D00094FA2 /* ViewController.swift in Sources */ = {isa = PBXBuildFile; fileRef = F465670528ADE18D00094FA2 /* ViewController.swift */; };
		F465670928ADE18D00094FA2 /* Main.storyboard in Resources */ = {isa = PBXBuildFile; fileRef = F465670728ADE18D00094FA2 /* Main.storyboard */; };
		F465670C28ADE18D00094FA2 /* GIPHY.xcdatamodeld in Sources */ = {isa = PBXBuildFile; fileRef = F465670A28ADE18D00094FA2 /* GIPHY.xcdatamodeld */; };
		F465670E28ADE18E00094FA2 /* Assets.xcassets in Resources */ = {isa = PBXBuildFile; fileRef = F465670D28ADE18E00094FA2 /* Assets.xcassets */; };
		F465671128ADE18E00094FA2 /* LaunchScreen.storyboard in Resources */ = {isa = PBXBuildFile; fileRef = F465670F28ADE18E00094FA2 /* LaunchScreen.storyboard */; };
		F465671C28ADE18F00094FA2 /* GIPHYTests.swift in Sources */ = {isa = PBXBuildFile; fileRef = F465671B28ADE18F00094FA2 /* GIPHYTests.swift */; };
		F465672628ADE18F00094FA2 /* GIPHYUITests.swift in Sources */ = {isa = PBXBuildFile; fileRef = F465672528ADE18F00094FA2 /* GIPHYUITests.swift */; };
		F465672828ADE18F00094FA2 /* GIPHYUITestsLaunchTests.swift in Sources */ = {isa = PBXBuildFile; fileRef = F465672728ADE18F00094FA2 /* GIPHYUITestsLaunchTests.swift */; };
/* End PBXBuildFile section */

/* Begin PBXContainerItemProxy section */
		F465671828ADE18F00094FA2 /* PBXContainerItemProxy */ = {
			isa = PBXContainerItemProxy;
			containerPortal = F46566F628ADE18D00094FA2 /* Project object */;
			proxyType = 1;
			remoteGlobalIDString = F46566FD28ADE18D00094FA2;
			remoteInfo = GIPHY;
		};
		F465672228ADE18F00094FA2 /* PBXContainerItemProxy */ = {
			isa = PBXContainerItemProxy;
			containerPortal = F46566F628ADE18D00094FA2 /* Project object */;
			proxyType = 1;
			remoteGlobalIDString = F46566FD28ADE18D00094FA2;
			remoteInfo = GIPHY;
		};
/* End PBXContainerItemProxy section */

/* Begin PBXFileReference section */
		F46566FE28ADE18D00094FA2 /* GIPHY.app */ = {isa = PBXFileReference; explicitFileType = wrapper.application; includeInIndex = 0; path = GIPHY.app; sourceTree = BUILT_PRODUCTS_DIR; };
		F465670128ADE18D00094FA2 /* AppDelegate.swift */ = {isa = PBXFileReference; lastKnownFileType = sourcecode.swift; path = AppDelegate.swift; sourceTree = "<group>"; };
		F465670328ADE18D00094FA2 /* SceneDelegate.swift */ = {isa = PBXFileReference; lastKnownFileType = sourcecode.swift; path = SceneDelegate.swift; sourceTree = "<group>"; };
		F465670528ADE18D00094FA2 /* ViewController.swift */ = {isa = PBXFileReference; lastKnownFileType = sourcecode.swift; path = ViewController.swift; sourceTree = "<group>"; };
		F465670828ADE18D00094FA2 /* Base */ = {isa = PBXFileReference; lastKnownFileType = file.storyboard; name = Base; path = Base.lproj/Main.storyboard; sourceTree = "<group>"; };
		F465670B28ADE18D00094FA2 /* GIPHY.xcdatamodel */ = {isa = PBXFileReference; lastKnownFileType = wrapper.xcdatamodel; path = GIPHY.xcdatamodel; sourceTree = "<group>"; };
		F465670D28ADE18E00094FA2 /* Assets.xcassets */ = {isa = PBXFileReference; lastKnownFileType = folder.assetcatalog; path = Assets.xcassets; sourceTree = "<group>"; };
		F465671028ADE18E00094FA2 /* Base */ = {isa = PBXFileReference; lastKnownFileType = file.storyboard; name = Base; path = Base.lproj/LaunchScreen.storyboard; sourceTree = "<group>"; };
		F465671228ADE18E00094FA2 /* Info.plist */ = {isa = PBXFileReference; lastKnownFileType = text.plist.xml; path = Info.plist; sourceTree = "<group>"; };
		F465671728ADE18F00094FA2 /* GIPHYTests.xctest */ = {isa = PBXFileReference; explicitFileType = wrapper.cfbundle; includeInIndex = 0; path = GIPHYTests.xctest; sourceTree = BUILT_PRODUCTS_DIR; };
		F465671B28ADE18F00094FA2 /* GIPHYTests.swift */ = {isa = PBXFileReference; lastKnownFileType = sourcecode.swift; path = GIPHYTests.swift; sourceTree = "<group>"; };
		F465672128ADE18F00094FA2 /* GIPHYUITests.xctest */ = {isa = PBXFileReference; explicitFileType = wrapper.cfbundle; includeInIndex = 0; path = GIPHYUITests.xctest; sourceTree = BUILT_PRODUCTS_DIR; };
		F465672528ADE18F00094FA2 /* GIPHYUITests.swift */ = {isa = PBXFileReference; lastKnownFileType = sourcecode.swift; path = GIPHYUITests.swift; sourceTree = "<group>"; };
		F465672728ADE18F00094FA2 /* GIPHYUITestsLaunchTests.swift */ = {isa = PBXFileReference; lastKnownFileType = sourcecode.swift; path = GIPHYUITestsLaunchTests.swift; sourceTree = "<group>"; };
/* End PBXFileReference section */

/* Begin PBXFrameworksBuildPhase section */
		F46566FB28ADE18D00094FA2 /* Frameworks */ = {
			isa = PBXFrameworksBuildPhase;
			buildActionMask = 2147483647;
			files = (
			);
			runOnlyForDeploymentPostprocessing = 0;
		};
		F465671428ADE18F00094FA2 /* Frameworks */ = {
			isa = PBXFrameworksBuildPhase;
			buildActionMask = 2147483647;
			files = (
			);
			runOnlyForDeploymentPostprocessing = 0;
		};
		F465671E28ADE18F00094FA2 /* Frameworks */ = {
			isa = PBXFrameworksBuildPhase;
			buildActionMask = 2147483647;
			files = (
			);
			runOnlyForDeploymentPostprocessing = 0;
		};
/* End PBXFrameworksBuildPhase section */

/* Begin PBXGroup section */
		F46566F528ADE18D00094FA2 = {
			isa = PBXGroup;
			children = (
				F465670028ADE18D00094FA2 /* GIPHY */,
				F465671A28ADE18F00094FA2 /* GIPHYTests */,
				F465672428ADE18F00094FA2 /* GIPHYUITests */,
				F46566FF28ADE18D00094FA2 /* Products */,
			);
			sourceTree = "<group>";
		};
		F46566FF28ADE18D00094FA2 /* Products */ = {
			isa = PBXGroup;
			children = (
				F46566FE28ADE18D00094FA2 /* GIPHY.app */,
				F465671728ADE18F00094FA2 /* GIPHYTests.xctest */,
				F465672128ADE18F00094FA2 /* GIPHYUITests.xctest */,
			);
			name = Products;
			sourceTree = "<group>";
		};
		F465670028ADE18D00094FA2 /* GIPHY */ = {
			isa = PBXGroup;
			children = (
				F465670128ADE18D00094FA2 /* AppDelegate.swift */,
				F465670328ADE18D00094FA2 /* SceneDelegate.swift */,
				F465670528ADE18D00094FA2 /* ViewController.swift */,
				F465670728ADE18D00094FA2 /* Main.storyboard */,
				F465670D28ADE18E00094FA2 /* Assets.xcassets */,
				F465670F28ADE18E00094FA2 /* LaunchScreen.storyboard */,
				F465671228ADE18E00094FA2 /* Info.plist */,
				F465670A28ADE18D00094FA2 /* GIPHY.xcdatamodeld */,
			);
			path = GIPHY;
			sourceTree = "<group>";
		};
		F465671A28ADE18F00094FA2 /* GIPHYTests */ = {
			isa = PBXGroup;
			children = (
				F465671B28ADE18F00094FA2 /* GIPHYTests.swift */,
			);
			path = GIPHYTests;
			sourceTree = "<group>";
		};
		F465672428ADE18F00094FA2 /* GIPHYUITests */ = {
			isa = PBXGroup;
			children = (
				F465672528ADE18F00094FA2 /* GIPHYUITests.swift */,
				F465672728ADE18F00094FA2 /* GIPHYUITestsLaunchTests.swift */,
			);
			path = GIPHYUITests;
			sourceTree = "<group>";
		};
/* End PBXGroup section */

/* Begin PBXNativeTarget section */
		F46566FD28ADE18D00094FA2 /* GIPHY */ = {
			isa = PBXNativeTarget;
			buildConfigurationList = F465672B28ADE18F00094FA2 /* Build configuration list for PBXNativeTarget "GIPHY" */;
			buildPhases = (
				F46566FA28ADE18D00094FA2 /* Sources */,
				F46566FB28ADE18D00094FA2 /* Frameworks */,
				F46566FC28ADE18D00094FA2 /* Resources */,
			);
			buildRules = (
			);
			dependencies = (
			);
			name = GIPHY;
			productName = GIPHY;
			productReference = F46566FE28ADE18D00094FA2 /* GIPHY.app */;
			productType = "com.apple.product-type.application";
		};
		F465671628ADE18F00094FA2 /* GIPHYTests */ = {
			isa = PBXNativeTarget;
			buildConfigurationList = F465672E28ADE18F00094FA2 /* Build configuration list for PBXNativeTarget "GIPHYTests" */;
			buildPhases = (
				F465671328ADE18F00094FA2 /* Sources */,
				F465671428ADE18F00094FA2 /* Frameworks */,
				F465671528ADE18F00094FA2 /* Resources */,
			);
			buildRules = (
			);
			dependencies = (
				F465671928ADE18F00094FA2 /* PBXTargetDependency */,
			);
			name = GIPHYTests;
			productName = GIPHYTests;
			productReference = F465671728ADE18F00094FA2 /* GIPHYTests.xctest */;
			productType = "com.apple.product-type.bundle.unit-test";
		};
		F465672028ADE18F00094FA2 /* GIPHYUITests */ = {
			isa = PBXNativeTarget;
			buildConfigurationList = F465673128ADE18F00094FA2 /* Build configuration list for PBXNativeTarget "GIPHYUITests" */;
			buildPhases = (
				F465671D28ADE18F00094FA2 /* Sources */,
				F465671E28ADE18F00094FA2 /* Frameworks */,
				F465671F28ADE18F00094FA2 /* Resources */,
			);
			buildRules = (
			);
			dependencies = (
				F465672328ADE18F00094FA2 /* PBXTargetDependency */,
			);
			name = GIPHYUITests;
			productName = GIPHYUITests;
			productReference = F465672128ADE18F00094FA2 /* GIPHYUITests.xctest */;
			productType = "com.apple.product-type.bundle.ui-testing";
		};
/* End PBXNativeTarget section */

/* Begin PBXProject section */
		F46566F628ADE18D00094FA2 /* Project object */ = {
			isa = PBXProject;
			attributes = {
				BuildIndependentTargetsInParallel = 1;
				LastSwiftUpdateCheck = 1340;
				LastUpgradeCheck = 1340;
				TargetAttributes = {
					F46566FD28ADE18D00094FA2 = {
						CreatedOnToolsVersion = 13.4.1;
					};
					F465671628ADE18F00094FA2 = {
						CreatedOnToolsVersion = 13.4.1;
						TestTargetID = F46566FD28ADE18D00094FA2;
					};
					F465672028ADE18F00094FA2 = {
						CreatedOnToolsVersion = 13.4.1;
						TestTargetID = F46566FD28ADE18D00094FA2;
					};
				};
			};
			buildConfigurationList = F46566F928ADE18D00094FA2 /* Build configuration list for PBXProject "GIPHY" */;
			compatibilityVersion = "Xcode 13.0";
			developmentRegion = en;
			hasScannedForEncodings = 0;
			knownRegions = (
				en,
				Base,
			);
			mainGroup = F46566F528ADE18D00094FA2;
			productRefGroup = F46566FF28ADE18D00094FA2 /* Products */;
			projectDirPath = "";
			projectRoot = "";
			targets = (
				F46566FD28ADE18D00094FA2 /* GIPHY */,
				F465671628ADE18F00094FA2 /* GIPHYTests */,
				F465672028ADE18F00094FA2 /* GIPHYUITests */,
			);
		};
/* End PBXProject section */

/* Begin PBXResourcesBuildPhase section */
		F46566FC28ADE18D00094FA2 /* Resources */ = {
			isa = PBXResourcesBuildPhase;
			buildActionMask = 2147483647;
			files = (
				F465671128ADE18E00094FA2 /* LaunchScreen.storyboard in Resources */,
				F465670E28ADE18E00094FA2 /* Assets.xcassets in Resources */,
				F465670928ADE18D00094FA2 /* Main.storyboard in Resources */,
			);
			runOnlyForDeploymentPostprocessing = 0;
		};
		F465671528ADE18F00094FA2 /* Resources */ = {
			isa = PBXResourcesBuildPhase;
			buildActionMask = 2147483647;
			files = (
			);
			runOnlyForDeploymentPostprocessing = 0;
		};
		F465671F28ADE18F00094FA2 /* Resources */ = {
			isa = PBXResourcesBuildPhase;
			buildActionMask = 2147483647;
			files = (
			);
			runOnlyForDeploymentPostprocessing = 0;
		};
/* End PBXResourcesBuildPhase section */

/* Begin PBXSourcesBuildPhase section */
		F46566FA28ADE18D00094FA2 /* Sources */ = {
			isa = PBXSourcesBuildPhase;
			buildActionMask = 2147483647;
			files = (
				F465670628ADE18D00094FA2 /* ViewController.swift in Sources */,
				F465670228ADE18D00094FA2 /* AppDelegate.swift in Sources */,
				F465670428ADE18D00094FA2 /* SceneDelegate.swift in Sources */,
				F465670C28ADE18D00094FA2 /* GIPHY.xcdatamodeld in Sources */,
			);
			runOnlyForDeploymentPostprocessing = 0;
		};
		F465671328ADE18F00094FA2 /* Sources */ = {
			isa = PBXSourcesBuildPhase;
			buildActionMask = 2147483647;
			files = (
				F465671C28ADE18F00094FA2 /* GIPHYTests.swift in Sources */,
			);
			runOnlyForDeploymentPostprocessing = 0;
		};
		F465671D28ADE18F00094FA2 /* Sources */ = {
			isa = PBXSourcesBuildPhase;
			buildActionMask = 2147483647;
			files = (
				F465672828ADE18F00094FA2 /* GIPHYUITestsLaunchTests.swift in Sources */,
				F465672628ADE18F00094FA2 /* GIPHYUITests.swift in Sources */,
			);
			runOnlyForDeploymentPostprocessing = 0;
		};
/* End PBXSourcesBuildPhase section */

/* Begin PBXTargetDependency section */
		F465671928ADE18F00094FA2 /* PBXTargetDependency */ = {
			isa = PBXTargetDependency;
			target = F46566FD28ADE18D00094FA2 /* GIPHY */;
			targetProxy = F465671828ADE18F00094FA2 /* PBXContainerItemProxy */;
		};
		F465672328ADE18F00094FA2 /* PBXTargetDependency */ = {
			isa = PBXTargetDependency;
			target = F46566FD28ADE18D00094FA2 /* GIPHY */;
			targetProxy = F465672228ADE18F00094FA2 /* PBXContainerItemProxy */;
		};
/* End PBXTargetDependency section */

/* Begin PBXVariantGroup section */
		F465670728ADE18D00094FA2 /* Main.storyboard */ = {
			isa = PBXVariantGroup;
			children = (
				F465670828ADE18D00094FA2 /* Base */,
			);
			name = Main.storyboard;
			sourceTree = "<group>";
		};
		F465670F28ADE18E00094FA2 /* LaunchScreen.storyboard */ = {
			isa = PBXVariantGroup;
			children = (
				F465671028ADE18E00094FA2 /* Base */,
			);
			name = LaunchScreen.storyboard;
			sourceTree = "<group>";
		};
/* End PBXVariantGroup section */

/* Begin XCBuildConfiguration section */
		F465672928ADE18F00094FA2 /* Debug */ = {
			isa = XCBuildConfiguration;
			buildSettings = {
				ALWAYS_SEARCH_USER_PATHS = NO;
				CLANG_ANALYZER_NONNULL = YES;
				CLANG_ANALYZER_NUMBER_OBJECT_CONVERSION = YES_AGGRESSIVE;
				CLANG_CXX_LANGUAGE_STANDARD = "gnu++17";
				CLANG_ENABLE_MODULES = YES;
				CLANG_ENABLE_OBJC_ARC = YES;
				CLANG_ENABLE_OBJC_WEAK = YES;
				CLANG_WARN_BLOCK_CAPTURE_AUTORELEASING = YES;
				CLANG_WARN_BOOL_CONVERSION = YES;
				CLANG_WARN_COMMA = YES;
				CLANG_WARN_CONSTANT_CONVERSION = YES;
				CLANG_WARN_DEPRECATED_OBJC_IMPLEMENTATIONS = YES;
				CLANG_WARN_DIRECT_OBJC_ISA_USAGE = YES_ERROR;
				CLANG_WARN_DOCUMENTATION_COMMENTS = YES;
				CLANG_WARN_EMPTY_BODY = YES;
				CLANG_WARN_ENUM_CONVERSION = YES;
				CLANG_WARN_INFINITE_RECURSION = YES;
				CLANG_WARN_INT_CONVERSION = YES;
				CLANG_WARN_NON_LITERAL_NULL_CONVERSION = YES;
				CLANG_WARN_OBJC_IMPLICIT_RETAIN_SELF = YES;
				CLANG_WARN_OBJC_LITERAL_CONVERSION = YES;
				CLANG_WARN_OBJC_ROOT_CLASS = YES_ERROR;
				CLANG_WARN_QUOTED_INCLUDE_IN_FRAMEWORK_HEADER = YES;
				CLANG_WARN_RANGE_LOOP_ANALYSIS = YES;
				CLANG_WARN_STRICT_PROTOTYPES = YES;
				CLANG_WARN_SUSPICIOUS_MOVE = YES;
				CLANG_WARN_UNGUARDED_AVAILABILITY = YES_AGGRESSIVE;
				CLANG_WARN_UNREACHABLE_CODE = YES;
				CLANG_WARN__DUPLICATE_METHOD_MATCH = YES;
				COPY_PHASE_STRIP = NO;
				DEBUG_INFORMATION_FORMAT = dwarf;
				ENABLE_STRICT_OBJC_MSGSEND = YES;
				ENABLE_TESTABILITY = YES;
				GCC_C_LANGUAGE_STANDARD = gnu11;
				GCC_DYNAMIC_NO_PIC = NO;
				GCC_NO_COMMON_BLOCKS = YES;
				GCC_OPTIMIZATION_LEVEL = 0;
				GCC_PREPROCESSOR_DEFINITIONS = (
					"DEBUG=1",
					"$(inherited)",
				);
				GCC_WARN_64_TO_32_BIT_CONVERSION = YES;
				GCC_WARN_ABOUT_RETURN_TYPE = YES_ERROR;
				GCC_WARN_UNDECLARED_SELECTOR = YES;
				GCC_WARN_UNINITIALIZED_AUTOS = YES_AGGRESSIVE;
				GCC_WARN_UNUSED_FUNCTION = YES;
				GCC_WARN_UNUSED_VARIABLE = YES;
				IPHONEOS_DEPLOYMENT_TARGET = 14.0;
				MTL_ENABLE_DEBUG_INFO = INCLUDE_SOURCE;
				MTL_FAST_MATH = YES;
				ONLY_ACTIVE_ARCH = YES;
				SDKROOT = iphoneos;
				SWIFT_ACTIVE_COMPILATION_CONDITIONS = DEBUG;
				SWIFT_OPTIMIZATION_LEVEL = "-Onone";
			};
			name = Debug;
		};
		F465672A28ADE18F00094FA2 /* Release */ = {
			isa = XCBuildConfiguration;
			buildSettings = {
				ALWAYS_SEARCH_USER_PATHS = NO;
				CLANG_ANALYZER_NONNULL = YES;
				CLANG_ANALYZER_NUMBER_OBJECT_CONVERSION = YES_AGGRESSIVE;
				CLANG_CXX_LANGUAGE_STANDARD = "gnu++17";
				CLANG_ENABLE_MODULES = YES;
				CLANG_ENABLE_OBJC_ARC = YES;
				CLANG_ENABLE_OBJC_WEAK = YES;
				CLANG_WARN_BLOCK_CAPTURE_AUTORELEASING = YES;
				CLANG_WARN_BOOL_CONVERSION = YES;
				CLANG_WARN_COMMA = YES;
				CLANG_WARN_CONSTANT_CONVERSION = YES;
				CLANG_WARN_DEPRECATED_OBJC_IMPLEMENTATIONS = YES;
				CLANG_WARN_DIRECT_OBJC_ISA_USAGE = YES_ERROR;
				CLANG_WARN_DOCUMENTATION_COMMENTS = YES;
				CLANG_WARN_EMPTY_BODY = YES;
				CLANG_WARN_ENUM_CONVERSION = YES;
				CLANG_WARN_INFINITE_RECURSION = YES;
				CLANG_WARN_INT_CONVERSION = YES;
				CLANG_WARN_NON_LITERAL_NULL_CONVERSION = YES;
				CLANG_WARN_OBJC_IMPLICIT_RETAIN_SELF = YES;
				CLANG_WARN_OBJC_LITERAL_CONVERSION = YES;
				CLANG_WARN_OBJC_ROOT_CLASS = YES_ERROR;
				CLANG_WARN_QUOTED_INCLUDE_IN_FRAMEWORK_HEADER = YES;
				CLANG_WARN_RANGE_LOOP_ANALYSIS = YES;
				CLANG_WARN_STRICT_PROTOTYPES = YES;
				CLANG_WARN_SUSPICIOUS_MOVE = YES;
				CLANG_WARN_UNGUARDED_AVAILABILITY = YES_AGGRESSIVE;
				CLANG_WARN_UNREACHABLE_CODE = YES;
				CLANG_WARN__DUPLICATE_METHOD_MATCH = YES;
				COPY_PHASE_STRIP = NO;
				DEBUG_INFORMATION_FORMAT = "dwarf-with-dsym";
				ENABLE_NS_ASSERTIONS = NO;
				ENABLE_STRICT_OBJC_MSGSEND = YES;
				GCC_C_LANGUAGE_STANDARD = gnu11;
				GCC_NO_COMMON_BLOCKS = YES;
				GCC_WARN_64_TO_32_BIT_CONVERSION = YES;
				GCC_WARN_ABOUT_RETURN_TYPE = YES_ERROR;
				GCC_WARN_UNDECLARED_SELECTOR = YES;
				GCC_WARN_UNINITIALIZED_AUTOS = YES_AGGRESSIVE;
				GCC_WARN_UNUSED_FUNCTION = YES;
				GCC_WARN_UNUSED_VARIABLE = YES;
				IPHONEOS_DEPLOYMENT_TARGET = 14.0;
				MTL_ENABLE_DEBUG_INFO = NO;
				MTL_FAST_MATH = YES;
				SDKROOT = iphoneos;
				SWIFT_COMPILATION_MODE = wholemodule;
				SWIFT_OPTIMIZATION_LEVEL = "-O";
				VALIDATE_PRODUCT = YES;
			};
			name = Release;
		};
		F465672C28ADE18F00094FA2 /* Debug */ = {
			isa = XCBuildConfiguration;
			buildSettings = {
				ASSETCATALOG_COMPILER_APPICON_NAME = AppIcon;
				ASSETCATALOG_COMPILER_GLOBAL_ACCENT_COLOR_NAME = AccentColor;
				CODE_SIGN_STYLE = Automatic;
				CURRENT_PROJECT_VERSION = 1;
				DEVELOPMENT_TEAM = AT2N75TMZD;
				GENERATE_INFOPLIST_FILE = YES;
				INFOPLIST_FILE = GIPHY/Info.plist;
				INFOPLIST_KEY_UIApplicationSupportsIndirectInputEvents = YES;
				INFOPLIST_KEY_UILaunchStoryboardName = LaunchScreen;
				INFOPLIST_KEY_UISupportedInterfaceOrientations = UIInterfaceOrientationPortrait;
				INFOPLIST_KEY_UISupportedInterfaceOrientations_iPad = "UIInterfaceOrientationPortrait UIInterfaceOrientationPortraitUpsideDown UIInterfaceOrientationLandscapeLeft UIInterfaceOrientationLandscapeRight";
				INFOPLIST_KEY_UISupportedInterfaceOrientations_iPhone = "UIInterfaceOrientationPortrait UIInterfaceOrientationLandscapeLeft UIInterfaceOrientationLandscapeRight";
				LD_RUNPATH_SEARCH_PATHS = (
					"$(inherited)",
					"@executable_path/Frameworks",
				);
				MARKETING_VERSION = 1.0;
				PRODUCT_BUNDLE_IDENTIFIER = com.simon.GIPHY;
				PRODUCT_NAME = "$(TARGET_NAME)";
				SWIFT_EMIT_LOC_STRINGS = YES;
				SWIFT_VERSION = 5.0;
				TARGETED_DEVICE_FAMILY = 1;
			};
			name = Debug;
		};
		F465672D28ADE18F00094FA2 /* Release */ = {
			isa = XCBuildConfiguration;
			buildSettings = {
				ASSETCATALOG_COMPILER_APPICON_NAME = AppIcon;
				ASSETCATALOG_COMPILER_GLOBAL_ACCENT_COLOR_NAME = AccentColor;
				CODE_SIGN_STYLE = Automatic;
				CURRENT_PROJECT_VERSION = 1;
				DEVELOPMENT_TEAM = AT2N75TMZD;
				GENERATE_INFOPLIST_FILE = YES;
				INFOPLIST_FILE = GIPHY/Info.plist;
				INFOPLIST_KEY_UIApplicationSupportsIndirectInputEvents = YES;
				INFOPLIST_KEY_UILaunchStoryboardName = LaunchScreen;
				INFOPLIST_KEY_UISupportedInterfaceOrientations = UIInterfaceOrientationPortrait;
				INFOPLIST_KEY_UISupportedInterfaceOrientations_iPad = "UIInterfaceOrientationPortrait UIInterfaceOrientationPortraitUpsideDown UIInterfaceOrientationLandscapeLeft UIInterfaceOrientationLandscapeRight";
				INFOPLIST_KEY_UISupportedInterfaceOrientations_iPhone = "UIInterfaceOrientationPortrait UIInterfaceOrientationLandscapeLeft UIInterfaceOrientationLandscapeRight";
				LD_RUNPATH_SEARCH_PATHS = (
					"$(inherited)",
					"@executable_path/Frameworks",
				);
				MARKETING_VERSION = 1.0;
				PRODUCT_BUNDLE_IDENTIFIER = com.simon.GIPHY;
				PRODUCT_NAME = "$(TARGET_NAME)";
				SWIFT_EMIT_LOC_STRINGS = YES;
				SWIFT_VERSION = 5.0;
				TARGETED_DEVICE_FAMILY = 1;
			};
			name = Release;
		};
		F465672F28ADE18F00094FA2 /* Debug */ = {
			isa = XCBuildConfiguration;
			buildSettings = {
				ALWAYS_EMBED_SWIFT_STANDARD_LIBRARIES = YES;
				BUNDLE_LOADER = "$(TEST_HOST)";
				CODE_SIGN_STYLE = Automatic;
				CURRENT_PROJECT_VERSION = 1;
				DEVELOPMENT_TEAM = AT2N75TMZD;
				GENERATE_INFOPLIST_FILE = YES;
				IPHONEOS_DEPLOYMENT_TARGET = 15.5;
				MARKETING_VERSION = 1.0;
				PRODUCT_BUNDLE_IDENTIFIER = com.simon.GIPHYTests;
				PRODUCT_NAME = "$(TARGET_NAME)";
				SWIFT_EMIT_LOC_STRINGS = NO;
				SWIFT_VERSION = 5.0;
				TARGETED_DEVICE_FAMILY = "1,2";
				TEST_HOST = "$(BUILT_PRODUCTS_DIR)/GIPHY.app/GIPHY";
			};
			name = Debug;
		};
		F465673028ADE18F00094FA2 /* Release */ = {
			isa = XCBuildConfiguration;
			buildSettings = {
				ALWAYS_EMBED_SWIFT_STANDARD_LIBRARIES = YES;
				BUNDLE_LOADER = "$(TEST_HOST)";
				CODE_SIGN_STYLE = Automatic;
				CURRENT_PROJECT_VERSION = 1;
				DEVELOPMENT_TEAM = AT2N75TMZD;
				GENERATE_INFOPLIST_FILE = YES;
				IPHONEOS_DEPLOYMENT_TARGET = 15.5;
				MARKETING_VERSION = 1.0;
				PRODUCT_BUNDLE_IDENTIFIER = com.simon.GIPHYTests;
				PRODUCT_NAME = "$(TARGET_NAME)";
				SWIFT_EMIT_LOC_STRINGS = NO;
				SWIFT_VERSION = 5.0;
				TARGETED_DEVICE_FAMILY = "1,2";
				TEST_HOST = "$(BUILT_PRODUCTS_DIR)/GIPHY.app/GIPHY";
			};
			name = Release;
		};
		F465673228ADE18F00094FA2 /* Debug */ = {
			isa = XCBuildConfiguration;
			buildSettings = {
				ALWAYS_EMBED_SWIFT_STANDARD_LIBRARIES = YES;
				CODE_SIGN_STYLE = Automatic;
				CURRENT_PROJECT_VERSION = 1;
				DEVELOPMENT_TEAM = AT2N75TMZD;
				GENERATE_INFOPLIST_FILE = YES;
				MARKETING_VERSION = 1.0;
				PRODUCT_BUNDLE_IDENTIFIER = com.simon.GIPHYUITests;
				PRODUCT_NAME = "$(TARGET_NAME)";
				SWIFT_EMIT_LOC_STRINGS = NO;
				SWIFT_VERSION = 5.0;
				TARGETED_DEVICE_FAMILY = "1,2";
				TEST_TARGET_NAME = GIPHY;
			};
			name = Debug;
		};
		F465673328ADE18F00094FA2 /* Release */ = {
			isa = XCBuildConfiguration;
			buildSettings = {
				ALWAYS_EMBED_SWIFT_STANDARD_LIBRARIES = YES;
				CODE_SIGN_STYLE = Automatic;
				CURRENT_PROJECT_VERSION = 1;
				DEVELOPMENT_TEAM = AT2N75TMZD;
				GENERATE_INFOPLIST_FILE = YES;
				MARKETING_VERSION = 1.0;
				PRODUCT_BUNDLE_IDENTIFIER = com.simon.GIPHYUITests;
				PRODUCT_NAME = "$(TARGET_NAME)";
				SWIFT_EMIT_LOC_STRINGS = NO;
				SWIFT_VERSION = 5.0;
				TARGETED_DEVICE_FAMILY = "1,2";
				TEST_TARGET_NAME = GIPHY;
			};
			name = Release;
		};
/* End XCBuildConfiguration section */

/* Begin XCConfigurationList section */
		F46566F928ADE18D00094FA2 /* Build configuration list for PBXProject "GIPHY" */ = {
			isa = XCConfigurationList;
			buildConfigurations = (
				F465672928ADE18F00094FA2 /* Debug */,
				F465672A28ADE18F00094FA2 /* Release */,
			);
			defaultConfigurationIsVisible = 0;
			defaultConfigurationName = Release;
		};
		F465672B28ADE18F00094FA2 /* Build configuration list for PBXNativeTarget "GIPHY" */ = {
			isa = XCConfigurationList;
			buildConfigurations = (
				F465672C28ADE18F00094FA2 /* Debug */,
				F465672D28ADE18F00094FA2 /* Release */,
			);
			defaultConfigurationIsVisible = 0;
			defaultConfigurationName = Release;
		};
		F465672E28ADE18F00094FA2 /* Build configuration list for PBXNativeTarget "GIPHYTests" */ = {
			isa = XCConfigurationList;
			buildConfigurations = (
				F465672F28ADE18F00094FA2 /* Debug */,
				F465673028ADE18F00094FA2 /* Release */,
			);
			defaultConfigurationIsVisible = 0;
			defaultConfigurationName = Release;
		};
		F465673128ADE18F00094FA2 /* Build configuration list for PBXNativeTarget "GIPHYUITests" */ = {
			isa = XCConfigurationList;
			buildConfigurations = (
				F465673228ADE18F00094FA2 /* Debug */,
				F465673328ADE18F00094FA2 /* Release */,
			);
			defaultConfigurationIsVisible = 0;
			defaultConfigurationName = Release;
		};
/* End XCConfigurationList section */

/* Begin XCVersionGroup section */
		F465670A28ADE18D00094FA2 /* GIPHY.xcdatamodeld */ = {
			isa = XCVersionGroup;
			children = (
				F465670B28ADE18D00094FA2 /* GIPHY.xcdatamodel */,
			);
			currentVersion = F465670B28ADE18D00094FA2 /* GIPHY.xcdatamodel */;
			path = GIPHY.xcdatamodeld;
			sourceTree = "<group>";
			versionGroupType = wrapper.xcdatamodel;
		};
/* End XCVersionGroup section */
	};
	rootObject = F46566F628ADE18D00094FA2 /* Project object */;
}
