// !$*UTF8*$!
{
	archiveVersion = 1;
	classes = {
	};
	objectVersion = 55;
	objects = {

/* Begin PBXBuildFile section */
		2147BDCFC9DB605D474D102A /* Pods_GIPHY.framework in Frameworks */ = {isa = PBXBuildFile; fileRef = 515188CF4AEC4B2E3C71727C /* Pods_GIPHY.framework */; };
		4F75576B0F70274281B46565 /* Pods_GIPHYTests.framework in Frameworks */ = {isa = PBXBuildFile; fileRef = A5172FD834E8C5386B95C0FE /* Pods_GIPHYTests.framework */; };
		BF634DD97BA9B7F60901795E /* Pods_GIPHY_GIPHYUITests.framework in Frameworks */ = {isa = PBXBuildFile; fileRef = D8E53480C868129C7039F6B1 /* Pods_GIPHY_GIPHYUITests.framework */; };
		F465670228ADE18D00094FA2 /* AppDelegate.swift in Sources */ = {isa = PBXBuildFile; fileRef = F465670128ADE18D00094FA2 /* AppDelegate.swift */; };
		F465670428ADE18D00094FA2 /* SceneDelegate.swift in Sources */ = {isa = PBXBuildFile; fileRef = F465670328ADE18D00094FA2 /* SceneDelegate.swift */; };
		F465670628ADE18D00094FA2 /* SearchViewController.swift in Sources */ = {isa = PBXBuildFile; fileRef = F465670528ADE18D00094FA2 /* SearchViewController.swift */; };
		F465670C28ADE18D00094FA2 /* GIPHYData.xcdatamodeld in Sources */ = {isa = PBXBuildFile; fileRef = F465670A28ADE18D00094FA2 /* GIPHYData.xcdatamodeld */; };
		F465670E28ADE18E00094FA2 /* Assets.xcassets in Resources */ = {isa = PBXBuildFile; fileRef = F465670D28ADE18E00094FA2 /* Assets.xcassets */; };
		F465671128ADE18E00094FA2 /* LaunchScreen.storyboard in Resources */ = {isa = PBXBuildFile; fileRef = F465670F28ADE18E00094FA2 /* LaunchScreen.storyboard */; };
		F465671C28ADE18F00094FA2 /* GIPHYTests.swift in Sources */ = {isa = PBXBuildFile; fileRef = F465671B28ADE18F00094FA2 /* GIPHYTests.swift */; };
		F465672628ADE18F00094FA2 /* GIPHYUITests.swift in Sources */ = {isa = PBXBuildFile; fileRef = F465672528ADE18F00094FA2 /* GIPHYUITests.swift */; };
		F465672828ADE18F00094FA2 /* GIPHYUITestsLaunchTests.swift in Sources */ = {isa = PBXBuildFile; fileRef = F465672728ADE18F00094FA2 /* GIPHYUITestsLaunchTests.swift */; };
		F465673E28ADF0D200094FA2 /* AppCoordinator.swift in Sources */ = {isa = PBXBuildFile; fileRef = F465673D28ADF0D200094FA2 /* AppCoordinator.swift */; };
		F465674128ADF12300094FA2 /* Coordinator.swift in Sources */ = {isa = PBXBuildFile; fileRef = F465674028ADF12300094FA2 /* Coordinator.swift */; };
		F465674328ADF14000094FA2 /* CoordinatorDelegate.swift in Sources */ = {isa = PBXBuildFile; fileRef = F465674228ADF14000094FA2 /* CoordinatorDelegate.swift */; };
		F465674528ADF15100094FA2 /* CoordinatorStyleCase.swift in Sources */ = {isa = PBXBuildFile; fileRef = F465674428ADF15100094FA2 /* CoordinatorStyleCase.swift */; };
		F465674928ADF61900094FA2 /* BaseView.swift in Sources */ = {isa = PBXBuildFile; fileRef = F465674828ADF61900094FA2 /* BaseView.swift */; };
		F465674B28ADF62600094FA2 /* BaseViewController.swift in Sources */ = {isa = PBXBuildFile; fileRef = F465674A28ADF62600094FA2 /* BaseViewController.swift */; };
		F465674E28ADF75B00094FA2 /* ViewRepresentable.swift in Sources */ = {isa = PBXBuildFile; fileRef = F465674D28ADF75B00094FA2 /* ViewRepresentable.swift */; };
		F465675128AE1F4800094FA2 /* TabBarCoordinator.swift in Sources */ = {isa = PBXBuildFile; fileRef = F465675028AE1F4800094FA2 /* TabBarCoordinator.swift */; };
		F465675328AE1FB700094FA2 /* TabBarPageCase.swift in Sources */ = {isa = PBXBuildFile; fileRef = F465675228AE1FB700094FA2 /* TabBarPageCase.swift */; };
		F465675728AE214000094FA2 /* SearchCoordinator.swift in Sources */ = {isa = PBXBuildFile; fileRef = F465675628AE214000094FA2 /* SearchCoordinator.swift */; };
		F465675C28AE8CDD00094FA2 /* SearchView.swift in Sources */ = {isa = PBXBuildFile; fileRef = F465675B28AE8CDD00094FA2 /* SearchView.swift */; };
		F465675E28AE8EA100094FA2 /* SearchViewModel.swift in Sources */ = {isa = PBXBuildFile; fileRef = F465675D28AE8EA100094FA2 /* SearchViewModel.swift */; };
		F465676028AE8EC700094FA2 /* ViewModel.swift in Sources */ = {isa = PBXBuildFile; fileRef = F465675F28AE8EC700094FA2 /* ViewModel.swift */; };
		F465676428AE8F5E00094FA2 /* SearchUseCase.swift in Sources */ = {isa = PBXBuildFile; fileRef = F465676328AE8F5E00094FA2 /* SearchUseCase.swift */; };
		F465676728AE8F9300094FA2 /* NetworkError.swift in Sources */ = {isa = PBXBuildFile; fileRef = F465676628AE8F9300094FA2 /* NetworkError.swift */; };
		F465676A28AE902400094FA2 /* GIPHYRepositoryInterface.swift in Sources */ = {isa = PBXBuildFile; fileRef = F465676928AE902400094FA2 /* GIPHYRepositoryInterface.swift */; };
		F465676E28AE90FE00094FA2 /* GIPHYRepository.swift in Sources */ = {isa = PBXBuildFile; fileRef = F465676D28AE90FE00094FA2 /* GIPHYRepository.swift */; };
		F465677128AE914400094FA2 /* GIFs.swift in Sources */ = {isa = PBXBuildFile; fileRef = F465677028AE914400094FA2 /* GIFs.swift */; };
		F465677328AE947800094FA2 /* EndPoint.swift in Sources */ = {isa = PBXBuildFile; fileRef = F465677228AE947800094FA2 /* EndPoint.swift */; };
		F465677528AE949B00094FA2 /* APIKey.swift in Sources */ = {isa = PBXBuildFile; fileRef = F465677428AE949B00094FA2 /* APIKey.swift */; };
		F465677A28AF43CB00094FA2 /* GIFSearchResponseDTO.swift in Sources */ = {isa = PBXBuildFile; fileRef = F465677928AF43CB00094FA2 /* GIFSearchResponseDTO.swift */; };
		F465677C28B0C8C300094FA2 /* PinterestLayout.swift in Sources */ = {isa = PBXBuildFile; fileRef = F465677B28B0C8C300094FA2 /* PinterestLayout.swift */; };
		F465677F28B4ADAA00094FA2 /* NetworkResult.swift in Sources */ = {isa = PBXBuildFile; fileRef = F465677E28B4ADAA00094FA2 /* NetworkResult.swift */; };
		F465678128B6693100094FA2 /* SearchViewCell.swift in Sources */ = {isa = PBXBuildFile; fileRef = F465678028B6693100094FA2 /* SearchViewCell.swift */; };
		F465678328B91B6A00094FA2 /* ContentGIFView.swift in Sources */ = {isa = PBXBuildFile; fileRef = F465678228B91B6A00094FA2 /* ContentGIFView.swift */; };
		F465678528BB29BD00094FA2 /* UIImage +.swift in Sources */ = {isa = PBXBuildFile; fileRef = F465678428BB29BC00094FA2 /* UIImage +.swift */; };
		F465678828BB29FB00094FA2 /* ImageCacheManager.swift in Sources */ = {isa = PBXBuildFile; fileRef = F465678728BB29FB00094FA2 /* ImageCacheManager.swift */; };
		F465679228BF230F00094FA2 /* FavoriteCoordinator.swift in Sources */ = {isa = PBXBuildFile; fileRef = F465679128BF230E00094FA2 /* FavoriteCoordinator.swift */; };
		F465679428BF233E00094FA2 /* FavoriteViewController.swift in Sources */ = {isa = PBXBuildFile; fileRef = F465679328BF233E00094FA2 /* FavoriteViewController.swift */; };
		F465679628BF235200094FA2 /* FavoriteView.swift in Sources */ = {isa = PBXBuildFile; fileRef = F465679528BF235200094FA2 /* FavoriteView.swift */; };
		F465679828BF248B00094FA2 /* FavoriteViewModel.swift in Sources */ = {isa = PBXBuildFile; fileRef = F465679728BF248B00094FA2 /* FavoriteViewModel.swift */; };
		F465679A28BF2CB600094FA2 /* DatabaseUseCase.swift in Sources */ = {isa = PBXBuildFile; fileRef = F465679928BF2CB600094FA2 /* DatabaseUseCase.swift */; };
		F465679C28BF2D0600094FA2 /* DatabaseRepositoryInterface.swift in Sources */ = {isa = PBXBuildFile; fileRef = F465679B28BF2D0600094FA2 /* DatabaseRepositoryInterface.swift */; };
		F465679E28BF2D2C00094FA2 /* DatabaseRepository.swift in Sources */ = {isa = PBXBuildFile; fileRef = F465679D28BF2D2C00094FA2 /* DatabaseRepository.swift */; };
		F4BCFBDF28C1AD1C00754D33 /* CodingUserInfoKey +.swift in Sources */ = {isa = PBXBuildFile; fileRef = F4BCFBDE28C1AD1C00754D33 /* CodingUserInfoKey +.swift */; };
		F4BCFC3E28C1E37700754D33 /* GIFItem_CoreData+CoreDataClass.swift in Sources */ = {isa = PBXBuildFile; fileRef = F4BCFC3628C1E37700754D33 /* GIFItem_CoreData+CoreDataClass.swift */; };
		F4BCFC3F28C1E37700754D33 /* GIFItem_CoreData+CoreDataProperties.swift in Sources */ = {isa = PBXBuildFile; fileRef = F4BCFC3728C1E37700754D33 /* GIFItem_CoreData+CoreDataProperties.swift */; };
		F4BCFC4028C1E37700754D33 /* UserData_CoreData+CoreDataClass.swift in Sources */ = {isa = PBXBuildFile; fileRef = F4BCFC3828C1E37700754D33 /* UserData_CoreData+CoreDataClass.swift */; };
		F4BCFC4128C1E37700754D33 /* UserData_CoreData+CoreDataProperties.swift in Sources */ = {isa = PBXBuildFile; fileRef = F4BCFC3928C1E37700754D33 /* UserData_CoreData+CoreDataProperties.swift */; };
		F4BCFC4228C1E37700754D33 /* GIFSize_CoreData+CoreDataClass.swift in Sources */ = {isa = PBXBuildFile; fileRef = F4BCFC3A28C1E37700754D33 /* GIFSize_CoreData+CoreDataClass.swift */; };
		F4BCFC4328C1E37700754D33 /* GIFSize_CoreData+CoreDataProperties.swift in Sources */ = {isa = PBXBuildFile; fileRef = F4BCFC3B28C1E37700754D33 /* GIFSize_CoreData+CoreDataProperties.swift */; };
		F4BCFC4428C1E37700754D33 /* GIFCategory_CoreData+CoreDataClass.swift in Sources */ = {isa = PBXBuildFile; fileRef = F4BCFC3C28C1E37700754D33 /* GIFCategory_CoreData+CoreDataClass.swift */; };
		F4BCFC4528C1E37700754D33 /* GIFCategory_CoreData+CoreDataProperties.swift in Sources */ = {isa = PBXBuildFile; fileRef = F4BCFC3D28C1E37700754D33 /* GIFCategory_CoreData+CoreDataProperties.swift */; };
		F4BCFC4728C1F12400754D33 /* FavoriteCell.swift in Sources */ = {isa = PBXBuildFile; fileRef = F4BCFC4628C1F12400754D33 /* FavoriteCell.swift */; };
/* End PBXBuildFile section */

/* Begin PBXContainerItemProxy section */
		F465671828ADE18F00094FA2 /* PBXContainerItemProxy */ = {
			isa = PBXContainerItemProxy;
			containerPortal = F46566F628ADE18D00094FA2 /* Project object */;
			proxyType = 1;
			remoteGlobalIDString = F46566FD28ADE18D00094FA2;
			remoteInfo = GIPHY;
		};
		F465672228ADE18F00094FA2 /* PBXContainerItemProxy */ = {
			isa = PBXContainerItemProxy;
			containerPortal = F46566F628ADE18D00094FA2 /* Project object */;
			proxyType = 1;
			remoteGlobalIDString = F46566FD28ADE18D00094FA2;
			remoteInfo = GIPHY;
		};
/* End PBXContainerItemProxy section */

/* Begin PBXFileReference section */
		05D84E1FC97CDA2A0987CE1D /* Pods-GIPHY-GIPHYUITests.debug.xcconfig */ = {isa = PBXFileReference; includeInIndex = 1; lastKnownFileType = text.xcconfig; name = "Pods-GIPHY-GIPHYUITests.debug.xcconfig"; path = "Target Support Files/Pods-GIPHY-GIPHYUITests/Pods-GIPHY-GIPHYUITests.debug.xcconfig"; sourceTree = "<group>"; };
		1B2744A0E1A9BC258027DF6B /* Pods-GIPHYTests.release.xcconfig */ = {isa = PBXFileReference; includeInIndex = 1; lastKnownFileType = text.xcconfig; name = "Pods-GIPHYTests.release.xcconfig"; path = "Target Support Files/Pods-GIPHYTests/Pods-GIPHYTests.release.xcconfig"; sourceTree = "<group>"; };
		22702BDBCF10B1F7BD5F9F6D /* Pods-GIPHY-GIPHYUITests.release.xcconfig */ = {isa = PBXFileReference; includeInIndex = 1; lastKnownFileType = text.xcconfig; name = "Pods-GIPHY-GIPHYUITests.release.xcconfig"; path = "Target Support Files/Pods-GIPHY-GIPHYUITests/Pods-GIPHY-GIPHYUITests.release.xcconfig"; sourceTree = "<group>"; };
		515188CF4AEC4B2E3C71727C /* Pods_GIPHY.framework */ = {isa = PBXFileReference; explicitFileType = wrapper.framework; includeInIndex = 0; path = Pods_GIPHY.framework; sourceTree = BUILT_PRODUCTS_DIR; };
		6A281923CDC15C88A24F5728 /* Pods-GIPHY.debug.xcconfig */ = {isa = PBXFileReference; includeInIndex = 1; lastKnownFileType = text.xcconfig; name = "Pods-GIPHY.debug.xcconfig"; path = "Target Support Files/Pods-GIPHY/Pods-GIPHY.debug.xcconfig"; sourceTree = "<group>"; };
		A1A2C1D24F9B7EFD97F38108 /* Pods-GIPHYTests.debug.xcconfig */ = {isa = PBXFileReference; includeInIndex = 1; lastKnownFileType = text.xcconfig; name = "Pods-GIPHYTests.debug.xcconfig"; path = "Target Support Files/Pods-GIPHYTests/Pods-GIPHYTests.debug.xcconfig"; sourceTree = "<group>"; };
		A5172FD834E8C5386B95C0FE /* Pods_GIPHYTests.framework */ = {isa = PBXFileReference; explicitFileType = wrapper.framework; includeInIndex = 0; path = Pods_GIPHYTests.framework; sourceTree = BUILT_PRODUCTS_DIR; };
		D8E53480C868129C7039F6B1 /* Pods_GIPHY_GIPHYUITests.framework */ = {isa = PBXFileReference; explicitFileType = wrapper.framework; includeInIndex = 0; path = Pods_GIPHY_GIPHYUITests.framework; sourceTree = BUILT_PRODUCTS_DIR; };
		ECA474233BBE60BFAB90D23E /* Pods-GIPHY.release.xcconfig */ = {isa = PBXFileReference; includeInIndex = 1; lastKnownFileType = text.xcconfig; name = "Pods-GIPHY.release.xcconfig"; path = "Target Support Files/Pods-GIPHY/Pods-GIPHY.release.xcconfig"; sourceTree = "<group>"; };
		F46566FE28ADE18D00094FA2 /* GIPHY.app */ = {isa = PBXFileReference; explicitFileType = wrapper.application; includeInIndex = 0; path = GIPHY.app; sourceTree = BUILT_PRODUCTS_DIR; };
		F465670128ADE18D00094FA2 /* AppDelegate.swift */ = {isa = PBXFileReference; lastKnownFileType = sourcecode.swift; path = AppDelegate.swift; sourceTree = "<group>"; };
		F465670328ADE18D00094FA2 /* SceneDelegate.swift */ = {isa = PBXFileReference; lastKnownFileType = sourcecode.swift; path = SceneDelegate.swift; sourceTree = "<group>"; };
		F465670528ADE18D00094FA2 /* SearchViewController.swift */ = {isa = PBXFileReference; lastKnownFileType = sourcecode.swift; path = SearchViewController.swift; sourceTree = "<group>"; };
		F465670B28ADE18D00094FA2 /* GIPHY.xcdatamodel */ = {isa = PBXFileReference; lastKnownFileType = wrapper.xcdatamodel; path = GIPHY.xcdatamodel; sourceTree = "<group>"; };
		F465670D28ADE18E00094FA2 /* Assets.xcassets */ = {isa = PBXFileReference; lastKnownFileType = folder.assetcatalog; path = Assets.xcassets; sourceTree = "<group>"; };
		F465671028ADE18E00094FA2 /* Base */ = {isa = PBXFileReference; lastKnownFileType = file.storyboard; name = Base; path = Base.lproj/LaunchScreen.storyboard; sourceTree = "<group>"; };
		F465671228ADE18E00094FA2 /* Info.plist */ = {isa = PBXFileReference; lastKnownFileType = text.plist.xml; path = Info.plist; sourceTree = "<group>"; };
		F465671728ADE18F00094FA2 /* GIPHYTests.xctest */ = {isa = PBXFileReference; explicitFileType = wrapper.cfbundle; includeInIndex = 0; path = GIPHYTests.xctest; sourceTree = BUILT_PRODUCTS_DIR; };
		F465671B28ADE18F00094FA2 /* GIPHYTests.swift */ = {isa = PBXFileReference; lastKnownFileType = sourcecode.swift; path = GIPHYTests.swift; sourceTree = "<group>"; };
		F465672128ADE18F00094FA2 /* GIPHYUITests.xctest */ = {isa = PBXFileReference; explicitFileType = wrapper.cfbundle; includeInIndex = 0; path = GIPHYUITests.xctest; sourceTree = BUILT_PRODUCTS_DIR; };
		F465672528ADE18F00094FA2 /* GIPHYUITests.swift */ = {isa = PBXFileReference; lastKnownFileType = sourcecode.swift; path = GIPHYUITests.swift; sourceTree = "<group>"; };
		F465672728ADE18F00094FA2 /* GIPHYUITestsLaunchTests.swift */ = {isa = PBXFileReference; lastKnownFileType = sourcecode.swift; path = GIPHYUITestsLaunchTests.swift; sourceTree = "<group>"; };
		F465673D28ADF0D200094FA2 /* AppCoordinator.swift */ = {isa = PBXFileReference; lastKnownFileType = sourcecode.swift; path = AppCoordinator.swift; sourceTree = "<group>"; };
		F465674028ADF12300094FA2 /* Coordinator.swift */ = {isa = PBXFileReference; lastKnownFileType = sourcecode.swift; path = Coordinator.swift; sourceTree = "<group>"; };
		F465674228ADF14000094FA2 /* CoordinatorDelegate.swift */ = {isa = PBXFileReference; lastKnownFileType = sourcecode.swift; path = CoordinatorDelegate.swift; sourceTree = "<group>"; };
		F465674428ADF15100094FA2 /* CoordinatorStyleCase.swift */ = {isa = PBXFileReference; lastKnownFileType = sourcecode.swift; path = CoordinatorStyleCase.swift; sourceTree = "<group>"; };
		F465674828ADF61900094FA2 /* BaseView.swift */ = {isa = PBXFileReference; lastKnownFileType = sourcecode.swift; path = BaseView.swift; sourceTree = "<group>"; };
		F465674A28ADF62600094FA2 /* BaseViewController.swift */ = {isa = PBXFileReference; lastKnownFileType = sourcecode.swift; path = BaseViewController.swift; sourceTree = "<group>"; };
		F465674D28ADF75B00094FA2 /* ViewRepresentable.swift */ = {isa = PBXFileReference; lastKnownFileType = sourcecode.swift; path = ViewRepresentable.swift; sourceTree = "<group>"; };
		F465675028AE1F4800094FA2 /* TabBarCoordinator.swift */ = {isa = PBXFileReference; lastKnownFileType = sourcecode.swift; path = TabBarCoordinator.swift; sourceTree = "<group>"; };
		F465675228AE1FB700094FA2 /* TabBarPageCase.swift */ = {isa = PBXFileReference; lastKnownFileType = sourcecode.swift; path = TabBarPageCase.swift; sourceTree = "<group>"; };
		F465675628AE214000094FA2 /* SearchCoordinator.swift */ = {isa = PBXFileReference; lastKnownFileType = sourcecode.swift; path = SearchCoordinator.swift; sourceTree = "<group>"; };
		F465675B28AE8CDD00094FA2 /* SearchView.swift */ = {isa = PBXFileReference; lastKnownFileType = sourcecode.swift; path = SearchView.swift; sourceTree = "<group>"; };
		F465675D28AE8EA100094FA2 /* SearchViewModel.swift */ = {isa = PBXFileReference; lastKnownFileType = sourcecode.swift; path = SearchViewModel.swift; sourceTree = "<group>"; };
		F465675F28AE8EC700094FA2 /* ViewModel.swift */ = {isa = PBXFileReference; lastKnownFileType = sourcecode.swift; path = ViewModel.swift; sourceTree = "<group>"; };
		F465676328AE8F5E00094FA2 /* SearchUseCase.swift */ = {isa = PBXFileReference; lastKnownFileType = sourcecode.swift; path = SearchUseCase.swift; sourceTree = "<group>"; };
		F465676628AE8F9300094FA2 /* NetworkError.swift */ = {isa = PBXFileReference; lastKnownFileType = sourcecode.swift; path = NetworkError.swift; sourceTree = "<group>"; };
		F465676928AE902400094FA2 /* GIPHYRepositoryInterface.swift */ = {isa = PBXFileReference; lastKnownFileType = sourcecode.swift; path = GIPHYRepositoryInterface.swift; sourceTree = "<group>"; };
		F465676D28AE90FE00094FA2 /* GIPHYRepository.swift */ = {isa = PBXFileReference; lastKnownFileType = sourcecode.swift; path = GIPHYRepository.swift; sourceTree = "<group>"; };
		F465677028AE914400094FA2 /* GIFs.swift */ = {isa = PBXFileReference; lastKnownFileType = sourcecode.swift; path = GIFs.swift; sourceTree = "<group>"; };
		F465677228AE947800094FA2 /* EndPoint.swift */ = {isa = PBXFileReference; lastKnownFileType = sourcecode.swift; path = EndPoint.swift; sourceTree = "<group>"; };
		F465677428AE949B00094FA2 /* APIKey.swift */ = {isa = PBXFileReference; lastKnownFileType = sourcecode.swift; path = APIKey.swift; sourceTree = "<group>"; };
		F465677928AF43CB00094FA2 /* GIFSearchResponseDTO.swift */ = {isa = PBXFileReference; lastKnownFileType = sourcecode.swift; path = GIFSearchResponseDTO.swift; sourceTree = "<group>"; };
		F465677B28B0C8C300094FA2 /* PinterestLayout.swift */ = {isa = PBXFileReference; lastKnownFileType = sourcecode.swift; path = PinterestLayout.swift; sourceTree = "<group>"; };
		F465677E28B4ADAA00094FA2 /* NetworkResult.swift */ = {isa = PBXFileReference; lastKnownFileType = sourcecode.swift; path = NetworkResult.swift; sourceTree = "<group>"; };
		F465678028B6693100094FA2 /* SearchViewCell.swift */ = {isa = PBXFileReference; lastKnownFileType = sourcecode.swift; path = SearchViewCell.swift; sourceTree = "<group>"; };
		F465678228B91B6A00094FA2 /* ContentGIFView.swift */ = {isa = PBXFileReference; lastKnownFileType = sourcecode.swift; path = ContentGIFView.swift; sourceTree = "<group>"; };
		F465678428BB29BC00094FA2 /* UIImage +.swift */ = {isa = PBXFileReference; lastKnownFileType = sourcecode.swift; path = "UIImage +.swift"; sourceTree = "<group>"; };
		F465678728BB29FB00094FA2 /* ImageCacheManager.swift */ = {isa = PBXFileReference; lastKnownFileType = sourcecode.swift; path = ImageCacheManager.swift; sourceTree = "<group>"; };
		F465679128BF230E00094FA2 /* FavoriteCoordinator.swift */ = {isa = PBXFileReference; lastKnownFileType = sourcecode.swift; path = FavoriteCoordinator.swift; sourceTree = "<group>"; };
		F465679328BF233E00094FA2 /* FavoriteViewController.swift */ = {isa = PBXFileReference; lastKnownFileType = sourcecode.swift; path = FavoriteViewController.swift; sourceTree = "<group>"; };
		F465679528BF235200094FA2 /* FavoriteView.swift */ = {isa = PBXFileReference; lastKnownFileType = sourcecode.swift; path = FavoriteView.swift; sourceTree = "<group>"; };
		F465679728BF248B00094FA2 /* FavoriteViewModel.swift */ = {isa = PBXFileReference; lastKnownFileType = sourcecode.swift; path = FavoriteViewModel.swift; sourceTree = "<group>"; };
		F465679928BF2CB600094FA2 /* DatabaseUseCase.swift */ = {isa = PBXFileReference; lastKnownFileType = sourcecode.swift; path = DatabaseUseCase.swift; sourceTree = "<group>"; };
		F465679B28BF2D0600094FA2 /* DatabaseRepositoryInterface.swift */ = {isa = PBXFileReference; lastKnownFileType = sourcecode.swift; path = DatabaseRepositoryInterface.swift; sourceTree = "<group>"; };
		F465679D28BF2D2C00094FA2 /* DatabaseRepository.swift */ = {isa = PBXFileReference; lastKnownFileType = sourcecode.swift; path = DatabaseRepository.swift; sourceTree = "<group>"; };
		F4BCFBDE28C1AD1C00754D33 /* CodingUserInfoKey +.swift */ = {isa = PBXFileReference; lastKnownFileType = sourcecode.swift; path = "CodingUserInfoKey +.swift"; sourceTree = "<group>"; };
		F4BCFC3628C1E37700754D33 /* GIFItem_CoreData+CoreDataClass.swift */ = {isa = PBXFileReference; lastKnownFileType = sourcecode.swift; path = "GIFItem_CoreData+CoreDataClass.swift"; sourceTree = "<group>"; };
		F4BCFC3728C1E37700754D33 /* GIFItem_CoreData+CoreDataProperties.swift */ = {isa = PBXFileReference; lastKnownFileType = sourcecode.swift; path = "GIFItem_CoreData+CoreDataProperties.swift"; sourceTree = "<group>"; };
		F4BCFC3828C1E37700754D33 /* UserData_CoreData+CoreDataClass.swift */ = {isa = PBXFileReference; lastKnownFileType = sourcecode.swift; path = "UserData_CoreData+CoreDataClass.swift"; sourceTree = "<group>"; };
		F4BCFC3928C1E37700754D33 /* UserData_CoreData+CoreDataProperties.swift */ = {isa = PBXFileReference; lastKnownFileType = sourcecode.swift; path = "UserData_CoreData+CoreDataProperties.swift"; sourceTree = "<group>"; };
		F4BCFC3A28C1E37700754D33 /* GIFSize_CoreData+CoreDataClass.swift */ = {isa = PBXFileReference; lastKnownFileType = sourcecode.swift; path = "GIFSize_CoreData+CoreDataClass.swift"; sourceTree = "<group>"; };
		F4BCFC3B28C1E37700754D33 /* GIFSize_CoreData+CoreDataProperties.swift */ = {isa = PBXFileReference; lastKnownFileType = sourcecode.swift; path = "GIFSize_CoreData+CoreDataProperties.swift"; sourceTree = "<group>"; };
		F4BCFC3C28C1E37700754D33 /* GIFCategory_CoreData+CoreDataClass.swift */ = {isa = PBXFileReference; lastKnownFileType = sourcecode.swift; path = "GIFCategory_CoreData+CoreDataClass.swift"; sourceTree = "<group>"; };
		F4BCFC3D28C1E37700754D33 /* GIFCategory_CoreData+CoreDataProperties.swift */ = {isa = PBXFileReference; lastKnownFileType = sourcecode.swift; path = "GIFCategory_CoreData+CoreDataProperties.swift"; sourceTree = "<group>"; };
		F4BCFC4628C1F12400754D33 /* FavoriteCell.swift */ = {isa = PBXFileReference; lastKnownFileType = sourcecode.swift; path = FavoriteCell.swift; sourceTree = "<group>"; };
/* End PBXFileReference section */

/* Begin PBXFrameworksBuildPhase section */
		F46566FB28ADE18D00094FA2 /* Frameworks */ = {
			isa = PBXFrameworksBuildPhase;
			buildActionMask = 2147483647;
			files = (
				2147BDCFC9DB605D474D102A /* Pods_GIPHY.framework in Frameworks */,
			);
			runOnlyForDeploymentPostprocessing = 0;
		};
		F465671428ADE18F00094FA2 /* Frameworks */ = {
			isa = PBXFrameworksBuildPhase;
			buildActionMask = 2147483647;
			files = (
				4F75576B0F70274281B46565 /* Pods_GIPHYTests.framework in Frameworks */,
			);
			runOnlyForDeploymentPostprocessing = 0;
		};
		F465671E28ADE18F00094FA2 /* Frameworks */ = {
			isa = PBXFrameworksBuildPhase;
			buildActionMask = 2147483647;
			files = (
				BF634DD97BA9B7F60901795E /* Pods_GIPHY_GIPHYUITests.framework in Frameworks */,
			);
			runOnlyForDeploymentPostprocessing = 0;
		};
/* End PBXFrameworksBuildPhase section */

/* Begin PBXGroup section */
		1249EEF1DF2C1B8A7AC63D47 /* Pods */ = {
			isa = PBXGroup;
			children = (
				6A281923CDC15C88A24F5728 /* Pods-GIPHY.debug.xcconfig */,
				ECA474233BBE60BFAB90D23E /* Pods-GIPHY.release.xcconfig */,
				05D84E1FC97CDA2A0987CE1D /* Pods-GIPHY-GIPHYUITests.debug.xcconfig */,
				22702BDBCF10B1F7BD5F9F6D /* Pods-GIPHY-GIPHYUITests.release.xcconfig */,
				A1A2C1D24F9B7EFD97F38108 /* Pods-GIPHYTests.debug.xcconfig */,
				1B2744A0E1A9BC258027DF6B /* Pods-GIPHYTests.release.xcconfig */,
			);
			path = Pods;
			sourceTree = "<group>";
		};
		E677C5BC9F5258680542C3A3 /* Frameworks */ = {
			isa = PBXGroup;
			children = (
				515188CF4AEC4B2E3C71727C /* Pods_GIPHY.framework */,
				D8E53480C868129C7039F6B1 /* Pods_GIPHY_GIPHYUITests.framework */,
				A5172FD834E8C5386B95C0FE /* Pods_GIPHYTests.framework */,
			);
			name = Frameworks;
			sourceTree = "<group>";
		};
		F46566F528ADE18D00094FA2 = {
			isa = PBXGroup;
			children = (
				F465670028ADE18D00094FA2 /* GIPHY */,
				F465671A28ADE18F00094FA2 /* GIPHYTests */,
				F465672428ADE18F00094FA2 /* GIPHYUITests */,
				F46566FF28ADE18D00094FA2 /* Products */,
				1249EEF1DF2C1B8A7AC63D47 /* Pods */,
				E677C5BC9F5258680542C3A3 /* Frameworks */,
			);
			sourceTree = "<group>";
		};
		F46566FF28ADE18D00094FA2 /* Products */ = {
			isa = PBXGroup;
			children = (
				F46566FE28ADE18D00094FA2 /* GIPHY.app */,
				F465671728ADE18F00094FA2 /* GIPHYTests.xctest */,
				F465672128ADE18F00094FA2 /* GIPHYUITests.xctest */,
			);
			name = Products;
			sourceTree = "<group>";
		};
		F465670028ADE18D00094FA2 /* GIPHY */ = {
			isa = PBXGroup;
			children = (
				F465673528ADE6DC00094FA2 /* Application */,
				F465673628ADE6ED00094FA2 /* Presentation */,
				F465676B28AE90BF00094FA2 /* Data */,
				F465676128AE8F2600094FA2 /* Domain */,
				F465676528AE8F8000094FA2 /* Network */,
				F465673F28ADF0F300094FA2 /* Coordinator */,
				F465673828ADE73600094FA2 /* Database */,
				F465674628ADF56200094FA2 /* Util */,
				F465673728ADE71000094FA2 /* Resources */,
				F465671228ADE18E00094FA2 /* Info.plist */,
			);
			path = GIPHY;
			sourceTree = "<group>";
		};
		F465671A28ADE18F00094FA2 /* GIPHYTests */ = {
			isa = PBXGroup;
			children = (
				F465671B28ADE18F00094FA2 /* GIPHYTests.swift */,
			);
			path = GIPHYTests;
			sourceTree = "<group>";
		};
		F465672428ADE18F00094FA2 /* GIPHYUITests */ = {
			isa = PBXGroup;
			children = (
				F465672528ADE18F00094FA2 /* GIPHYUITests.swift */,
				F465672728ADE18F00094FA2 /* GIPHYUITestsLaunchTests.swift */,
			);
			path = GIPHYUITests;
			sourceTree = "<group>";
		};
		F465673528ADE6DC00094FA2 /* Application */ = {
			isa = PBXGroup;
			children = (
				F465670128ADE18D00094FA2 /* AppDelegate.swift */,
				F465670328ADE18D00094FA2 /* SceneDelegate.swift */,
				F465673D28ADF0D200094FA2 /* AppCoordinator.swift */,
			);
			path = Application;
			sourceTree = "<group>";
		};
		F465673628ADE6ED00094FA2 /* Presentation */ = {
			isa = PBXGroup;
			children = (
				F465674F28AE1EFF00094FA2 /* Tab */,
				F465675428AE20FC00094FA2 /* Serach */,
				F465677628AE94FA00094FA2 /* Favorite */,
				F465677728AE952500094FA2 /* Detail */,
			);
			path = Presentation;
			sourceTree = "<group>";
		};
		F465673728ADE71000094FA2 /* Resources */ = {
			isa = PBXGroup;
			children = (
				F465670D28ADE18E00094FA2 /* Assets.xcassets */,
				F465670F28ADE18E00094FA2 /* LaunchScreen.storyboard */,
			);
			path = Resources;
			sourceTree = "<group>";
		};
		F465673828ADE73600094FA2 /* Database */ = {
			isa = PBXGroup;
			children = (
			);
			path = Database;
			sourceTree = "<group>";
		};
		F465673F28ADF0F300094FA2 /* Coordinator */ = {
			isa = PBXGroup;
			children = (
				F465674028ADF12300094FA2 /* Coordinator.swift */,
				F465674228ADF14000094FA2 /* CoordinatorDelegate.swift */,
				F465674428ADF15100094FA2 /* CoordinatorStyleCase.swift */,
			);
			path = Coordinator;
			sourceTree = "<group>";
		};
		F465674628ADF56200094FA2 /* Util */ = {
			isa = PBXGroup;
			children = (
				F465678628BB29E500094FA2 /* Cache */,
				F465677D28B3843F00094FA2 /* Extensions */,
				F465674C28ADF70500094FA2 /* Protocols */,
				F465674728ADF57F00094FA2 /* Base */,
			);
			path = Util;
			sourceTree = "<group>";
		};
		F465674728ADF57F00094FA2 /* Base */ = {
			isa = PBXGroup;
			children = (
				F465674828ADF61900094FA2 /* BaseView.swift */,
				F465674A28ADF62600094FA2 /* BaseViewController.swift */,
			);
			path = Base;
			sourceTree = "<group>";
		};
		F465674C28ADF70500094FA2 /* Protocols */ = {
			isa = PBXGroup;
			children = (
				F465674D28ADF75B00094FA2 /* ViewRepresentable.swift */,
				F465675F28AE8EC700094FA2 /* ViewModel.swift */,
			);
			path = Protocols;
			sourceTree = "<group>";
		};
		F465674F28AE1EFF00094FA2 /* Tab */ = {
			isa = PBXGroup;
			children = (
				F465675028AE1F4800094FA2 /* TabBarCoordinator.swift */,
				F465675228AE1FB700094FA2 /* TabBarPageCase.swift */,
			);
			path = Tab;
			sourceTree = "<group>";
		};
		F465675428AE20FC00094FA2 /* Serach */ = {
			isa = PBXGroup;
			children = (
				F465675528AE212200094FA2 /* Coordinator */,
				F465675828AE21BA00094FA2 /* View */,
				F465675A28AE21C700094FA2 /* ViewController */,
				F465675928AE21BE00094FA2 /* ViewModel */,
			);
			path = Serach;
			sourceTree = "<group>";
		};
		F465675528AE212200094FA2 /* Coordinator */ = {
			isa = PBXGroup;
			children = (
				F465675628AE214000094FA2 /* SearchCoordinator.swift */,
			);
			path = Coordinator;
			sourceTree = "<group>";
		};
		F465675828AE21BA00094FA2 /* View */ = {
			isa = PBXGroup;
			children = (
				F465675B28AE8CDD00094FA2 /* SearchView.swift */,
				F465678028B6693100094FA2 /* SearchViewCell.swift */,
				F465678228B91B6A00094FA2 /* ContentGIFView.swift */,
			);
			path = View;
			sourceTree = "<group>";
		};
		F465675928AE21BE00094FA2 /* ViewModel */ = {
			isa = PBXGroup;
			children = (
				F465675D28AE8EA100094FA2 /* SearchViewModel.swift */,
			);
			path = ViewModel;
			sourceTree = "<group>";
		};
		F465675A28AE21C700094FA2 /* ViewController */ = {
			isa = PBXGroup;
			children = (
				F465670528ADE18D00094FA2 /* SearchViewController.swift */,
			);
			path = ViewController;
			sourceTree = "<group>";
		};
		F465676128AE8F2600094FA2 /* Domain */ = {
			isa = PBXGroup;
			children = (
				F465676F28AE912700094FA2 /* Entity */,
				F465676828AE901400094FA2 /* Interface */,
				F465676228AE8F5100094FA2 /* UseCase */,
			);
			path = Domain;
			sourceTree = "<group>";
		};
		F465676228AE8F5100094FA2 /* UseCase */ = {
			isa = PBXGroup;
			children = (
				F465676328AE8F5E00094FA2 /* SearchUseCase.swift */,
				F465679928BF2CB600094FA2 /* DatabaseUseCase.swift */,
			);
			path = UseCase;
			sourceTree = "<group>";
		};
		F465676528AE8F8000094FA2 /* Network */ = {
			isa = PBXGroup;
			children = (
				F465677428AE949B00094FA2 /* APIKey.swift */,
				F465677228AE947800094FA2 /* EndPoint.swift */,
				F465676628AE8F9300094FA2 /* NetworkError.swift */,
				F465677E28B4ADAA00094FA2 /* NetworkResult.swift */,
			);
			path = Network;
			sourceTree = "<group>";
		};
		F465676828AE901400094FA2 /* Interface */ = {
			isa = PBXGroup;
			children = (
				F465676928AE902400094FA2 /* GIPHYRepositoryInterface.swift */,
				F465679B28BF2D0600094FA2 /* DatabaseRepositoryInterface.swift */,
			);
			path = Interface;
			sourceTree = "<group>";
		};
		F465676B28AE90BF00094FA2 /* Data */ = {
			isa = PBXGroup;
			children = (
				F465677828AF43A900094FA2 /* DataMapping */,
				F465676C28AE90E700094FA2 /* Repository */,
			);
			path = Data;
			sourceTree = "<group>";
		};
		F465676C28AE90E700094FA2 /* Repository */ = {
			isa = PBXGroup;
			children = (
				F465676D28AE90FE00094FA2 /* GIPHYRepository.swift */,
				F465679D28BF2D2C00094FA2 /* DatabaseRepository.swift */,
			);
			path = Repository;
			sourceTree = "<group>";
		};
		F465676F28AE912700094FA2 /* Entity */ = {
			isa = PBXGroup;
			children = (
				F4BCFC3128C1CB0200754D33 /* GIPHYDataProperty */,
				F4BCFC3028C1CAC700754D33 /* GIPHYDataClass */,
				F465677028AE914400094FA2 /* GIFs.swift */,
				F465670A28ADE18D00094FA2 /* GIPHYData.xcdatamodeld */,
			);
			path = Entity;
			sourceTree = "<group>";
		};
		F465677628AE94FA00094FA2 /* Favorite */ = {
			isa = PBXGroup;
			children = (
				F465678A28BF222E00094FA2 /* Coordinator */,
				F465678928BF222400094FA2 /* View */,
				F465678B28BF223A00094FA2 /* ViewController */,
				F465678C28BF225100094FA2 /* ViewModel */,
			);
			path = Favorite;
			sourceTree = "<group>";
		};
		F465677728AE952500094FA2 /* Detail */ = {
			isa = PBXGroup;
			children = (
				F465678F28BF227F00094FA2 /* View */,
				F465678E28BF227900094FA2 /* ViewController */,
				F465678D28BF227300094FA2 /* ViewModel */,
			);
			path = Detail;
			sourceTree = "<group>";
		};
		F465677828AF43A900094FA2 /* DataMapping */ = {
			isa = PBXGroup;
			children = (
				F465677928AF43CB00094FA2 /* GIFSearchResponseDTO.swift */,
			);
			path = DataMapping;
			sourceTree = "<group>";
		};
		F465677D28B3843F00094FA2 /* Extensions */ = {
			isa = PBXGroup;
			children = (
				F465678428BB29BC00094FA2 /* UIImage +.swift */,
				F4BCFBDE28C1AD1C00754D33 /* CodingUserInfoKey +.swift */,
			);
			path = Extensions;
			sourceTree = "<group>";
		};
		F465678628BB29E500094FA2 /* Cache */ = {
			isa = PBXGroup;
			children = (
				F465678728BB29FB00094FA2 /* ImageCacheManager.swift */,
			);
			path = Cache;
			sourceTree = "<group>";
		};
		F465678928BF222400094FA2 /* View */ = {
			isa = PBXGroup;
			children = (
				F465679528BF235200094FA2 /* FavoriteView.swift */,
				F4BCFC4628C1F12400754D33 /* FavoriteCell.swift */,
				F465677B28B0C8C300094FA2 /* PinterestLayout.swift */,
			);
			path = View;
			sourceTree = "<group>";
		};
		F465678A28BF222E00094FA2 /* Coordinator */ = {
			isa = PBXGroup;
			children = (
				F465679128BF230E00094FA2 /* FavoriteCoordinator.swift */,
			);
			path = Coordinator;
			sourceTree = "<group>";
		};
		F465678B28BF223A00094FA2 /* ViewController */ = {
			isa = PBXGroup;
			children = (
				F465679328BF233E00094FA2 /* FavoriteViewController.swift */,
			);
			path = ViewController;
			sourceTree = "<group>";
		};
		F465678C28BF225100094FA2 /* ViewModel */ = {
			isa = PBXGroup;
			children = (
				F465679728BF248B00094FA2 /* FavoriteViewModel.swift */,
			);
			path = ViewModel;
			sourceTree = "<group>";
		};
		F465678D28BF227300094FA2 /* ViewModel */ = {
			isa = PBXGroup;
			children = (
			);
			path = ViewModel;
			sourceTree = "<group>";
		};
		F465678E28BF227900094FA2 /* ViewController */ = {
			isa = PBXGroup;
			children = (
			);
			path = ViewController;
			sourceTree = "<group>";
		};
		F465678F28BF227F00094FA2 /* View */ = {
			isa = PBXGroup;
			children = (
			);
			path = View;
			sourceTree = "<group>";
		};
		F4BCFC3028C1CAC700754D33 /* GIPHYDataClass */ = {
			isa = PBXGroup;
			children = (
				F4BCFC3628C1E37700754D33 /* GIFItem_CoreData+CoreDataClass.swift */,
				F4BCFC3828C1E37700754D33 /* UserData_CoreData+CoreDataClass.swift */,
				F4BCFC3A28C1E37700754D33 /* GIFSize_CoreData+CoreDataClass.swift */,
				F4BCFC3C28C1E37700754D33 /* GIFCategory_CoreData+CoreDataClass.swift */,
			);
			path = GIPHYDataClass;
			sourceTree = "<group>";
		};
		F4BCFC3128C1CB0200754D33 /* GIPHYDataProperty */ = {
			isa = PBXGroup;
			children = (
				F4BCFC3728C1E37700754D33 /* GIFItem_CoreData+CoreDataProperties.swift */,
				F4BCFC3928C1E37700754D33 /* UserData_CoreData+CoreDataProperties.swift */,
				F4BCFC3B28C1E37700754D33 /* GIFSize_CoreData+CoreDataProperties.swift */,
				F4BCFC3D28C1E37700754D33 /* GIFCategory_CoreData+CoreDataProperties.swift */,
			);
			path = GIPHYDataProperty;
			sourceTree = "<group>";
		};
/* End PBXGroup section */

/* Begin PBXNativeTarget section */
		F46566FD28ADE18D00094FA2 /* GIPHY */ = {
			isa = PBXNativeTarget;
			buildConfigurationList = F465672B28ADE18F00094FA2 /* Build configuration list for PBXNativeTarget "GIPHY" */;
			buildPhases = (
				320A31477149E9EC9D29AB32 /* [CP] Check Pods Manifest.lock */,
				F46566FA28ADE18D00094FA2 /* Sources */,
				F46566FB28ADE18D00094FA2 /* Frameworks */,
				F46566FC28ADE18D00094FA2 /* Resources */,
				6A98A28A5EDC9EDFD0DCFA4C /* [CP] Embed Pods Frameworks */,
			);
			buildRules = (
			);
			dependencies = (
			);
			name = GIPHY;
			productName = GIPHY;
			productReference = F46566FE28ADE18D00094FA2 /* GIPHY.app */;
			productType = "com.apple.product-type.application";
		};
		F465671628ADE18F00094FA2 /* GIPHYTests */ = {
			isa = PBXNativeTarget;
			buildConfigurationList = F465672E28ADE18F00094FA2 /* Build configuration list for PBXNativeTarget "GIPHYTests" */;
			buildPhases = (
				AF232F24CC4B5E58C6807819 /* [CP] Check Pods Manifest.lock */,
				F465671328ADE18F00094FA2 /* Sources */,
				F465671428ADE18F00094FA2 /* Frameworks */,
				F465671528ADE18F00094FA2 /* Resources */,
				6A6868E5689078E6A3AB2F06 /* [CP] Embed Pods Frameworks */,
			);
			buildRules = (
			);
			dependencies = (
				F465671928ADE18F00094FA2 /* PBXTargetDependency */,
			);
			name = GIPHYTests;
			productName = GIPHYTests;
			productReference = F465671728ADE18F00094FA2 /* GIPHYTests.xctest */;
			productType = "com.apple.product-type.bundle.unit-test";
		};
		F465672028ADE18F00094FA2 /* GIPHYUITests */ = {
			isa = PBXNativeTarget;
			buildConfigurationList = F465673128ADE18F00094FA2 /* Build configuration list for PBXNativeTarget "GIPHYUITests" */;
			buildPhases = (
				3C8AC31099E74BB64D45A6C2 /* [CP] Check Pods Manifest.lock */,
				F465671D28ADE18F00094FA2 /* Sources */,
				F465671E28ADE18F00094FA2 /* Frameworks */,
				F465671F28ADE18F00094FA2 /* Resources */,
				D4C7D6A7A2FB621A8074F8B5 /* [CP] Embed Pods Frameworks */,
			);
			buildRules = (
			);
			dependencies = (
				F465672328ADE18F00094FA2 /* PBXTargetDependency */,
			);
			name = GIPHYUITests;
			productName = GIPHYUITests;
			productReference = F465672128ADE18F00094FA2 /* GIPHYUITests.xctest */;
			productType = "com.apple.product-type.bundle.ui-testing";
		};
/* End PBXNativeTarget section */

/* Begin PBXProject section */
		F46566F628ADE18D00094FA2 /* Project object */ = {
			isa = PBXProject;
			attributes = {
				BuildIndependentTargetsInParallel = 1;
				LastSwiftUpdateCheck = 1340;
				LastUpgradeCheck = 1340;
				TargetAttributes = {
					F46566FD28ADE18D00094FA2 = {
						CreatedOnToolsVersion = 13.4.1;
					};
					F465671628ADE18F00094FA2 = {
						CreatedOnToolsVersion = 13.4.1;
						TestTargetID = F46566FD28ADE18D00094FA2;
					};
					F465672028ADE18F00094FA2 = {
						CreatedOnToolsVersion = 13.4.1;
						TestTargetID = F46566FD28ADE18D00094FA2;
					};
				};
			};
			buildConfigurationList = F46566F928ADE18D00094FA2 /* Build configuration list for PBXProject "GIPHY" */;
			compatibilityVersion = "Xcode 13.0";
			developmentRegion = en;
			hasScannedForEncodings = 0;
			knownRegions = (
				en,
				Base,
			);
			mainGroup = F46566F528ADE18D00094FA2;
			productRefGroup = F46566FF28ADE18D00094FA2 /* Products */;
			projectDirPath = "";
			projectRoot = "";
			targets = (
				F46566FD28ADE18D00094FA2 /* GIPHY */,
				F465671628ADE18F00094FA2 /* GIPHYTests */,
				F465672028ADE18F00094FA2 /* GIPHYUITests */,
			);
		};
/* End PBXProject section */

/* Begin PBXResourcesBuildPhase section */
		F46566FC28ADE18D00094FA2 /* Resources */ = {
			isa = PBXResourcesBuildPhase;
			buildActionMask = 2147483647;
			files = (
				F465671128ADE18E00094FA2 /* LaunchScreen.storyboard in Resources */,
				F465670E28ADE18E00094FA2 /* Assets.xcassets in Resources */,
			);
			runOnlyForDeploymentPostprocessing = 0;
		};
		F465671528ADE18F00094FA2 /* Resources */ = {
			isa = PBXResourcesBuildPhase;
			buildActionMask = 2147483647;
			files = (
			);
			runOnlyForDeploymentPostprocessing = 0;
		};
		F465671F28ADE18F00094FA2 /* Resources */ = {
			isa = PBXResourcesBuildPhase;
			buildActionMask = 2147483647;
			files = (
			);
			runOnlyForDeploymentPostprocessing = 0;
		};
/* End PBXResourcesBuildPhase section */

/* Begin PBXShellScriptBuildPhase section */
		320A31477149E9EC9D29AB32 /* [CP] Check Pods Manifest.lock */ = {
			isa = PBXShellScriptBuildPhase;
			buildActionMask = 2147483647;
			files = (
			);
			inputFileListPaths = (
			);
			inputPaths = (
				"${PODS_PODFILE_DIR_PATH}/Podfile.lock",
				"${PODS_ROOT}/Manifest.lock",
			);
			name = "[CP] Check Pods Manifest.lock";
			outputFileListPaths = (
			);
			outputPaths = (
				"$(DERIVED_FILE_DIR)/Pods-GIPHY-checkManifestLockResult.txt",
			);
			runOnlyForDeploymentPostprocessing = 0;
			shellPath = /bin/sh;
			shellScript = "diff \"${PODS_PODFILE_DIR_PATH}/Podfile.lock\" \"${PODS_ROOT}/Manifest.lock\" > /dev/null\nif [ $? != 0 ] ; then\n    # print error to STDERR\n    echo \"error: The sandbox is not in sync with the Podfile.lock. Run 'pod install' or update your CocoaPods installation.\" >&2\n    exit 1\nfi\n# This output is used by Xcode 'outputs' to avoid re-running this script phase.\necho \"SUCCESS\" > \"${SCRIPT_OUTPUT_FILE_0}\"\n";
			showEnvVarsInLog = 0;
		};
		3C8AC31099E74BB64D45A6C2 /* [CP] Check Pods Manifest.lock */ = {
			isa = PBXShellScriptBuildPhase;
			buildActionMask = 2147483647;
			files = (
			);
			inputFileListPaths = (
			);
			inputPaths = (
				"${PODS_PODFILE_DIR_PATH}/Podfile.lock",
				"${PODS_ROOT}/Manifest.lock",
			);
			name = "[CP] Check Pods Manifest.lock";
			outputFileListPaths = (
			);
			outputPaths = (
				"$(DERIVED_FILE_DIR)/Pods-GIPHY-GIPHYUITests-checkManifestLockResult.txt",
			);
			runOnlyForDeploymentPostprocessing = 0;
			shellPath = /bin/sh;
			shellScript = "diff \"${PODS_PODFILE_DIR_PATH}/Podfile.lock\" \"${PODS_ROOT}/Manifest.lock\" > /dev/null\nif [ $? != 0 ] ; then\n    # print error to STDERR\n    echo \"error: The sandbox is not in sync with the Podfile.lock. Run 'pod install' or update your CocoaPods installation.\" >&2\n    exit 1\nfi\n# This output is used by Xcode 'outputs' to avoid re-running this script phase.\necho \"SUCCESS\" > \"${SCRIPT_OUTPUT_FILE_0}\"\n";
			showEnvVarsInLog = 0;
		};
		6A6868E5689078E6A3AB2F06 /* [CP] Embed Pods Frameworks */ = {
			isa = PBXShellScriptBuildPhase;
			buildActionMask = 2147483647;
			files = (
			);
			inputFileListPaths = (
				"${PODS_ROOT}/Target Support Files/Pods-GIPHYTests/Pods-GIPHYTests-frameworks-${CONFIGURATION}-input-files.xcfilelist",
			);
			name = "[CP] Embed Pods Frameworks";
			outputFileListPaths = (
				"${PODS_ROOT}/Target Support Files/Pods-GIPHYTests/Pods-GIPHYTests-frameworks-${CONFIGURATION}-output-files.xcfilelist",
			);
			runOnlyForDeploymentPostprocessing = 0;
			shellPath = /bin/sh;
			shellScript = "\"${PODS_ROOT}/Target Support Files/Pods-GIPHYTests/Pods-GIPHYTests-frameworks.sh\"\n";
			showEnvVarsInLog = 0;
		};
		6A98A28A5EDC9EDFD0DCFA4C /* [CP] Embed Pods Frameworks */ = {
			isa = PBXShellScriptBuildPhase;
			buildActionMask = 2147483647;
			files = (
			);
			inputFileListPaths = (
				"${PODS_ROOT}/Target Support Files/Pods-GIPHY/Pods-GIPHY-frameworks-${CONFIGURATION}-input-files.xcfilelist",
			);
			name = "[CP] Embed Pods Frameworks";
			outputFileListPaths = (
				"${PODS_ROOT}/Target Support Files/Pods-GIPHY/Pods-GIPHY-frameworks-${CONFIGURATION}-output-files.xcfilelist",
			);
			runOnlyForDeploymentPostprocessing = 0;
			shellPath = /bin/sh;
			shellScript = "\"${PODS_ROOT}/Target Support Files/Pods-GIPHY/Pods-GIPHY-frameworks.sh\"\n";
			showEnvVarsInLog = 0;
		};
		AF232F24CC4B5E58C6807819 /* [CP] Check Pods Manifest.lock */ = {
			isa = PBXShellScriptBuildPhase;
			buildActionMask = 2147483647;
			files = (
			);
			inputFileListPaths = (
			);
			inputPaths = (
				"${PODS_PODFILE_DIR_PATH}/Podfile.lock",
				"${PODS_ROOT}/Manifest.lock",
			);
			name = "[CP] Check Pods Manifest.lock";
			outputFileListPaths = (
			);
			outputPaths = (
				"$(DERIVED_FILE_DIR)/Pods-GIPHYTests-checkManifestLockResult.txt",
			);
			runOnlyForDeploymentPostprocessing = 0;
			shellPath = /bin/sh;
			shellScript = "diff \"${PODS_PODFILE_DIR_PATH}/Podfile.lock\" \"${PODS_ROOT}/Manifest.lock\" > /dev/null\nif [ $? != 0 ] ; then\n    # print error to STDERR\n    echo \"error: The sandbox is not in sync with the Podfile.lock. Run 'pod install' or update your CocoaPods installation.\" >&2\n    exit 1\nfi\n# This output is used by Xcode 'outputs' to avoid re-running this script phase.\necho \"SUCCESS\" > \"${SCRIPT_OUTPUT_FILE_0}\"\n";
			showEnvVarsInLog = 0;
		};
		D4C7D6A7A2FB621A8074F8B5 /* [CP] Embed Pods Frameworks */ = {
			isa = PBXShellScriptBuildPhase;
			buildActionMask = 2147483647;
			files = (
			);
			inputFileListPaths = (
				"${PODS_ROOT}/Target Support Files/Pods-GIPHY-GIPHYUITests/Pods-GIPHY-GIPHYUITests-frameworks-${CONFIGURATION}-input-files.xcfilelist",
			);
			name = "[CP] Embed Pods Frameworks";
			outputFileListPaths = (
				"${PODS_ROOT}/Target Support Files/Pods-GIPHY-GIPHYUITests/Pods-GIPHY-GIPHYUITests-frameworks-${CONFIGURATION}-output-files.xcfilelist",
			);
			runOnlyForDeploymentPostprocessing = 0;
			shellPath = /bin/sh;
			shellScript = "\"${PODS_ROOT}/Target Support Files/Pods-GIPHY-GIPHYUITests/Pods-GIPHY-GIPHYUITests-frameworks.sh\"\n";
			showEnvVarsInLog = 0;
		};
/* End PBXShellScriptBuildPhase section */

/* Begin PBXSourcesBuildPhase section */
		F46566FA28ADE18D00094FA2 /* Sources */ = {
			isa = PBXSourcesBuildPhase;
			buildActionMask = 2147483647;
			files = (
				F4BCFC4528C1E37700754D33 /* GIFCategory_CoreData+CoreDataProperties.swift in Sources */,
				F465675328AE1FB700094FA2 /* TabBarPageCase.swift in Sources */,
				F4BCFC4328C1E37700754D33 /* GIFSize_CoreData+CoreDataProperties.swift in Sources */,
				F465670628ADE18D00094FA2 /* SearchViewController.swift in Sources */,
				F4BCFC3E28C1E37700754D33 /* GIFItem_CoreData+CoreDataClass.swift in Sources */,
				F465675E28AE8EA100094FA2 /* SearchViewModel.swift in Sources */,
				F4BCFC4128C1E37700754D33 /* UserData_CoreData+CoreDataProperties.swift in Sources */,
				F465677F28B4ADAA00094FA2 /* NetworkResult.swift in Sources */,
				F4BCFC4028C1E37700754D33 /* UserData_CoreData+CoreDataClass.swift in Sources */,
				F465678828BB29FB00094FA2 /* ImageCacheManager.swift in Sources */,
				F465670228ADE18D00094FA2 /* AppDelegate.swift in Sources */,
				F4BCFC3F28C1E37700754D33 /* GIFItem_CoreData+CoreDataProperties.swift in Sources */,
				F465674328ADF14000094FA2 /* CoordinatorDelegate.swift in Sources */,
				F465674128ADF12300094FA2 /* Coordinator.swift in Sources */,
				F465676028AE8EC700094FA2 /* ViewModel.swift in Sources */,
				F465678128B6693100094FA2 /* SearchViewCell.swift in Sources */,
				F4BCFBDF28C1AD1C00754D33 /* CodingUserInfoKey +.swift in Sources */,
				F465673E28ADF0D200094FA2 /* AppCoordinator.swift in Sources */,
				F4BCFC4428C1E37700754D33 /* GIFCategory_CoreData+CoreDataClass.swift in Sources */,
				F465679C28BF2D0600094FA2 /* DatabaseRepositoryInterface.swift in Sources */,
				F465677C28B0C8C300094FA2 /* PinterestLayout.swift in Sources */,
				F465676728AE8F9300094FA2 /* NetworkError.swift in Sources */,
				F465679828BF248B00094FA2 /* FavoriteViewModel.swift in Sources */,
				F465678328B91B6A00094FA2 /* ContentGIFView.swift in Sources */,
				F465675728AE214000094FA2 /* SearchCoordinator.swift in Sources */,
				F465678528BB29BD00094FA2 /* UIImage +.swift in Sources */,
				F465677528AE949B00094FA2 /* APIKey.swift in Sources */,
				F465677A28AF43CB00094FA2 /* GIFSearchResponseDTO.swift in Sources */,
				F465679628BF235200094FA2 /* FavoriteView.swift in Sources */,
				F465674E28ADF75B00094FA2 /* ViewRepresentable.swift in Sources */,
				F465676E28AE90FE00094FA2 /* GIPHYRepository.swift in Sources */,
				F465674B28ADF62600094FA2 /* BaseViewController.swift in Sources */,
				F465670428ADE18D00094FA2 /* SceneDelegate.swift in Sources */,
				F4BCFC4228C1E37700754D33 /* GIFSize_CoreData+CoreDataClass.swift in Sources */,
				F465679428BF233E00094FA2 /* FavoriteViewController.swift in Sources */,
				F465677128AE914400094FA2 /* GIFs.swift in Sources */,
				F465675C28AE8CDD00094FA2 /* SearchView.swift in Sources */,
				F465679228BF230F00094FA2 /* FavoriteCoordinator.swift in Sources */,
				F465674928ADF61900094FA2 /* BaseView.swift in Sources */,
				F465674528ADF15100094FA2 /* CoordinatorStyleCase.swift in Sources */,
				F465679A28BF2CB600094FA2 /* DatabaseUseCase.swift in Sources */,
				F465679E28BF2D2C00094FA2 /* DatabaseRepository.swift in Sources */,
				F465675128AE1F4800094FA2 /* TabBarCoordinator.swift in Sources */,
				F465670C28ADE18D00094FA2 /* GIPHYData.xcdatamodeld in Sources */,
				F465677328AE947800094FA2 /* EndPoint.swift in Sources */,
				F4BCFC4728C1F12400754D33 /* FavoriteCell.swift in Sources */,
				F465676428AE8F5E00094FA2 /* SearchUseCase.swift in Sources */,
				F465676A28AE902400094FA2 /* GIPHYRepositoryInterface.swift in Sources */,
			);
			runOnlyForDeploymentPostprocessing = 0;
		};
		F465671328ADE18F00094FA2 /* Sources */ = {
			isa = PBXSourcesBuildPhase;
			buildActionMask = 2147483647;
			files = (
				F465671C28ADE18F00094FA2 /* GIPHYTests.swift in Sources */,
			);
			runOnlyForDeploymentPostprocessing = 0;
		};
		F465671D28ADE18F00094FA2 /* Sources */ = {
			isa = PBXSourcesBuildPhase;
			buildActionMask = 2147483647;
			files = (
				F465672828ADE18F00094FA2 /* GIPHYUITestsLaunchTests.swift in Sources */,
				F465672628ADE18F00094FA2 /* GIPHYUITests.swift in Sources */,
			);
			runOnlyForDeploymentPostprocessing = 0;
		};
/* End PBXSourcesBuildPhase section */

/* Begin PBXTargetDependency section */
		F465671928ADE18F00094FA2 /* PBXTargetDependency */ = {
			isa = PBXTargetDependency;
			target = F46566FD28ADE18D00094FA2 /* GIPHY */;
			targetProxy = F465671828ADE18F00094FA2 /* PBXContainerItemProxy */;
		};
		F465672328ADE18F00094FA2 /* PBXTargetDependency */ = {
			isa = PBXTargetDependency;
			target = F46566FD28ADE18D00094FA2 /* GIPHY */;
			targetProxy = F465672228ADE18F00094FA2 /* PBXContainerItemProxy */;
		};
/* End PBXTargetDependency section */

/* Begin PBXVariantGroup section */
		F465670F28ADE18E00094FA2 /* LaunchScreen.storyboard */ = {
			isa = PBXVariantGroup;
			children = (
				F465671028ADE18E00094FA2 /* Base */,
			);
			name = LaunchScreen.storyboard;
			sourceTree = "<group>";
		};
/* End PBXVariantGroup section */

/* Begin XCBuildConfiguration section */
		F465672928ADE18F00094FA2 /* Debug */ = {
			isa = XCBuildConfiguration;
			buildSettings = {
				ALWAYS_SEARCH_USER_PATHS = NO;
				CLANG_ANALYZER_NONNULL = YES;
				CLANG_ANALYZER_NUMBER_OBJECT_CONVERSION = YES_AGGRESSIVE;
				CLANG_CXX_LANGUAGE_STANDARD = "gnu++17";
				CLANG_ENABLE_MODULES = YES;
				CLANG_ENABLE_OBJC_ARC = YES;
				CLANG_ENABLE_OBJC_WEAK = YES;
				CLANG_WARN_BLOCK_CAPTURE_AUTORELEASING = YES;
				CLANG_WARN_BOOL_CONVERSION = YES;
				CLANG_WARN_COMMA = YES;
				CLANG_WARN_CONSTANT_CONVERSION = YES;
				CLANG_WARN_DEPRECATED_OBJC_IMPLEMENTATIONS = YES;
				CLANG_WARN_DIRECT_OBJC_ISA_USAGE = YES_ERROR;
				CLANG_WARN_DOCUMENTATION_COMMENTS = YES;
				CLANG_WARN_EMPTY_BODY = YES;
				CLANG_WARN_ENUM_CONVERSION = YES;
				CLANG_WARN_INFINITE_RECURSION = YES;
				CLANG_WARN_INT_CONVERSION = YES;
				CLANG_WARN_NON_LITERAL_NULL_CONVERSION = YES;
				CLANG_WARN_OBJC_IMPLICIT_RETAIN_SELF = YES;
				CLANG_WARN_OBJC_LITERAL_CONVERSION = YES;
				CLANG_WARN_OBJC_ROOT_CLASS = YES_ERROR;
				CLANG_WARN_QUOTED_INCLUDE_IN_FRAMEWORK_HEADER = YES;
				CLANG_WARN_RANGE_LOOP_ANALYSIS = YES;
				CLANG_WARN_STRICT_PROTOTYPES = YES;
				CLANG_WARN_SUSPICIOUS_MOVE = YES;
				CLANG_WARN_UNGUARDED_AVAILABILITY = YES_AGGRESSIVE;
				CLANG_WARN_UNREACHABLE_CODE = YES;
				CLANG_WARN__DUPLICATE_METHOD_MATCH = YES;
				COPY_PHASE_STRIP = NO;
				DEBUG_INFORMATION_FORMAT = dwarf;
				ENABLE_STRICT_OBJC_MSGSEND = YES;
				ENABLE_TESTABILITY = YES;
				GCC_C_LANGUAGE_STANDARD = gnu11;
				GCC_DYNAMIC_NO_PIC = NO;
				GCC_NO_COMMON_BLOCKS = YES;
				GCC_OPTIMIZATION_LEVEL = 0;
				GCC_PREPROCESSOR_DEFINITIONS = (
					"DEBUG=1",
					"$(inherited)",
				);
				GCC_WARN_64_TO_32_BIT_CONVERSION = YES;
				GCC_WARN_ABOUT_RETURN_TYPE = YES_ERROR;
				GCC_WARN_UNDECLARED_SELECTOR = YES;
				GCC_WARN_UNINITIALIZED_AUTOS = YES_AGGRESSIVE;
				GCC_WARN_UNUSED_FUNCTION = YES;
				GCC_WARN_UNUSED_VARIABLE = YES;
				IPHONEOS_DEPLOYMENT_TARGET = 14.0;
				MTL_ENABLE_DEBUG_INFO = INCLUDE_SOURCE;
				MTL_FAST_MATH = YES;
				ONLY_ACTIVE_ARCH = YES;
				SDKROOT = iphoneos;
				SWIFT_ACTIVE_COMPILATION_CONDITIONS = DEBUG;
				SWIFT_OPTIMIZATION_LEVEL = "-Onone";
			};
			name = Debug;
		};
		F465672A28ADE18F00094FA2 /* Release */ = {
			isa = XCBuildConfiguration;
			buildSettings = {
				ALWAYS_SEARCH_USER_PATHS = NO;
				CLANG_ANALYZER_NONNULL = YES;
				CLANG_ANALYZER_NUMBER_OBJECT_CONVERSION = YES_AGGRESSIVE;
				CLANG_CXX_LANGUAGE_STANDARD = "gnu++17";
				CLANG_ENABLE_MODULES = YES;
				CLANG_ENABLE_OBJC_ARC = YES;
				CLANG_ENABLE_OBJC_WEAK = YES;
				CLANG_WARN_BLOCK_CAPTURE_AUTORELEASING = YES;
				CLANG_WARN_BOOL_CONVERSION = YES;
				CLANG_WARN_COMMA = YES;
				CLANG_WARN_CONSTANT_CONVERSION = YES;
				CLANG_WARN_DEPRECATED_OBJC_IMPLEMENTATIONS = YES;
				CLANG_WARN_DIRECT_OBJC_ISA_USAGE = YES_ERROR;
				CLANG_WARN_DOCUMENTATION_COMMENTS = YES;
				CLANG_WARN_EMPTY_BODY = YES;
				CLANG_WARN_ENUM_CONVERSION = YES;
				CLANG_WARN_INFINITE_RECURSION = YES;
				CLANG_WARN_INT_CONVERSION = YES;
				CLANG_WARN_NON_LITERAL_NULL_CONVERSION = YES;
				CLANG_WARN_OBJC_IMPLICIT_RETAIN_SELF = YES;
				CLANG_WARN_OBJC_LITERAL_CONVERSION = YES;
				CLANG_WARN_OBJC_ROOT_CLASS = YES_ERROR;
				CLANG_WARN_QUOTED_INCLUDE_IN_FRAMEWORK_HEADER = YES;
				CLANG_WARN_RANGE_LOOP_ANALYSIS = YES;
				CLANG_WARN_STRICT_PROTOTYPES = YES;
				CLANG_WARN_SUSPICIOUS_MOVE = YES;
				CLANG_WARN_UNGUARDED_AVAILABILITY = YES_AGGRESSIVE;
				CLANG_WARN_UNREACHABLE_CODE = YES;
				CLANG_WARN__DUPLICATE_METHOD_MATCH = YES;
				COPY_PHASE_STRIP = NO;
				DEBUG_INFORMATION_FORMAT = "dwarf-with-dsym";
				ENABLE_NS_ASSERTIONS = NO;
				ENABLE_STRICT_OBJC_MSGSEND = YES;
				GCC_C_LANGUAGE_STANDARD = gnu11;
				GCC_NO_COMMON_BLOCKS = YES;
				GCC_WARN_64_TO_32_BIT_CONVERSION = YES;
				GCC_WARN_ABOUT_RETURN_TYPE = YES_ERROR;
				GCC_WARN_UNDECLARED_SELECTOR = YES;
				GCC_WARN_UNINITIALIZED_AUTOS = YES_AGGRESSIVE;
				GCC_WARN_UNUSED_FUNCTION = YES;
				GCC_WARN_UNUSED_VARIABLE = YES;
				IPHONEOS_DEPLOYMENT_TARGET = 14.0;
				MTL_ENABLE_DEBUG_INFO = NO;
				MTL_FAST_MATH = YES;
				SDKROOT = iphoneos;
				SWIFT_COMPILATION_MODE = wholemodule;
				SWIFT_OPTIMIZATION_LEVEL = "-O";
				VALIDATE_PRODUCT = YES;
			};
			name = Release;
		};
		F465672C28ADE18F00094FA2 /* Debug */ = {
			isa = XCBuildConfiguration;
			baseConfigurationReference = 6A281923CDC15C88A24F5728 /* Pods-GIPHY.debug.xcconfig */;
			buildSettings = {
				ASSETCATALOG_COMPILER_APPICON_NAME = AppIcon;
				ASSETCATALOG_COMPILER_GLOBAL_ACCENT_COLOR_NAME = AccentColor;
				CODE_SIGN_STYLE = Automatic;
				CURRENT_PROJECT_VERSION = 1;
				DEVELOPMENT_TEAM = AT2N75TMZD;
				GENERATE_INFOPLIST_FILE = YES;
				INFOPLIST_FILE = GIPHY/Info.plist;
				INFOPLIST_KEY_UIApplicationSupportsIndirectInputEvents = YES;
				INFOPLIST_KEY_UILaunchStoryboardName = LaunchScreen;
				INFOPLIST_KEY_UISupportedInterfaceOrientations = UIInterfaceOrientationPortrait;
				INFOPLIST_KEY_UISupportedInterfaceOrientations_iPad = "UIInterfaceOrientationPortrait UIInterfaceOrientationPortraitUpsideDown UIInterfaceOrientationLandscapeLeft UIInterfaceOrientationLandscapeRight";
				INFOPLIST_KEY_UISupportedInterfaceOrientations_iPhone = "UIInterfaceOrientationPortrait UIInterfaceOrientationLandscapeLeft UIInterfaceOrientationLandscapeRight";
				LD_RUNPATH_SEARCH_PATHS = (
					"$(inherited)",
					"@executable_path/Frameworks",
				);
				MARKETING_VERSION = 1.0;
				PRODUCT_BUNDLE_IDENTIFIER = com.simon.GIPHY;
				PRODUCT_NAME = "$(TARGET_NAME)";
				SWIFT_EMIT_LOC_STRINGS = YES;
				SWIFT_VERSION = 5.0;
				TARGETED_DEVICE_FAMILY = 1;
			};
			name = Debug;
		};
		F465672D28ADE18F00094FA2 /* Release */ = {
			isa = XCBuildConfiguration;
			baseConfigurationReference = ECA474233BBE60BFAB90D23E /* Pods-GIPHY.release.xcconfig */;
			buildSettings = {
				ASSETCATALOG_COMPILER_APPICON_NAME = AppIcon;
				ASSETCATALOG_COMPILER_GLOBAL_ACCENT_COLOR_NAME = AccentColor;
				CODE_SIGN_STYLE = Automatic;
				CURRENT_PROJECT_VERSION = 1;
				DEVELOPMENT_TEAM = AT2N75TMZD;
				GENERATE_INFOPLIST_FILE = YES;
				INFOPLIST_FILE = GIPHY/Info.plist;
				INFOPLIST_KEY_UIApplicationSupportsIndirectInputEvents = YES;
				INFOPLIST_KEY_UILaunchStoryboardName = LaunchScreen;
				INFOPLIST_KEY_UISupportedInterfaceOrientations = UIInterfaceOrientationPortrait;
				INFOPLIST_KEY_UISupportedInterfaceOrientations_iPad = "UIInterfaceOrientationPortrait UIInterfaceOrientationPortraitUpsideDown UIInterfaceOrientationLandscapeLeft UIInterfaceOrientationLandscapeRight";
				INFOPLIST_KEY_UISupportedInterfaceOrientations_iPhone = "UIInterfaceOrientationPortrait UIInterfaceOrientationLandscapeLeft UIInterfaceOrientationLandscapeRight";
				LD_RUNPATH_SEARCH_PATHS = (
					"$(inherited)",
					"@executable_path/Frameworks",
				);
				MARKETING_VERSION = 1.0;
				PRODUCT_BUNDLE_IDENTIFIER = com.simon.GIPHY;
				PRODUCT_NAME = "$(TARGET_NAME)";
				SWIFT_EMIT_LOC_STRINGS = YES;
				SWIFT_VERSION = 5.0;
				TARGETED_DEVICE_FAMILY = 1;
			};
			name = Release;
		};
		F465672F28ADE18F00094FA2 /* Debug */ = {
			isa = XCBuildConfiguration;
			baseConfigurationReference = A1A2C1D24F9B7EFD97F38108 /* Pods-GIPHYTests.debug.xcconfig */;
			buildSettings = {
				ALWAYS_EMBED_SWIFT_STANDARD_LIBRARIES = "$(inherited)";
				BUNDLE_LOADER = "$(TEST_HOST)";
				CODE_SIGN_STYLE = Automatic;
				CURRENT_PROJECT_VERSION = 1;
				DEVELOPMENT_TEAM = AT2N75TMZD;
				GENERATE_INFOPLIST_FILE = YES;
				IPHONEOS_DEPLOYMENT_TARGET = 15.5;
				MARKETING_VERSION = 1.0;
				PRODUCT_BUNDLE_IDENTIFIER = com.simon.GIPHYTests;
				PRODUCT_NAME = "$(TARGET_NAME)";
				SWIFT_EMIT_LOC_STRINGS = NO;
				SWIFT_VERSION = 5.0;
				TARGETED_DEVICE_FAMILY = "1,2";
				TEST_HOST = "$(BUILT_PRODUCTS_DIR)/GIPHY.app/GIPHY";
			};
			name = Debug;
		};
		F465673028ADE18F00094FA2 /* Release */ = {
			isa = XCBuildConfiguration;
			baseConfigurationReference = 1B2744A0E1A9BC258027DF6B /* Pods-GIPHYTests.release.xcconfig */;
			buildSettings = {
				ALWAYS_EMBED_SWIFT_STANDARD_LIBRARIES = "$(inherited)";
				BUNDLE_LOADER = "$(TEST_HOST)";
				CODE_SIGN_STYLE = Automatic;
				CURRENT_PROJECT_VERSION = 1;
				DEVELOPMENT_TEAM = AT2N75TMZD;
				GENERATE_INFOPLIST_FILE = YES;
				IPHONEOS_DEPLOYMENT_TARGET = 15.5;
				MARKETING_VERSION = 1.0;
				PRODUCT_BUNDLE_IDENTIFIER = com.simon.GIPHYTests;
				PRODUCT_NAME = "$(TARGET_NAME)";
				SWIFT_EMIT_LOC_STRINGS = NO;
				SWIFT_VERSION = 5.0;
				TARGETED_DEVICE_FAMILY = "1,2";
				TEST_HOST = "$(BUILT_PRODUCTS_DIR)/GIPHY.app/GIPHY";
			};
			name = Release;
		};
		F465673228ADE18F00094FA2 /* Debug */ = {
			isa = XCBuildConfiguration;
			baseConfigurationReference = 05D84E1FC97CDA2A0987CE1D /* Pods-GIPHY-GIPHYUITests.debug.xcconfig */;
			buildSettings = {
				ALWAYS_EMBED_SWIFT_STANDARD_LIBRARIES = "$(inherited)";
				CODE_SIGN_STYLE = Automatic;
				CURRENT_PROJECT_VERSION = 1;
				DEVELOPMENT_TEAM = AT2N75TMZD;
				GENERATE_INFOPLIST_FILE = YES;
				MARKETING_VERSION = 1.0;
				PRODUCT_BUNDLE_IDENTIFIER = com.simon.GIPHYUITests;
				PRODUCT_NAME = "$(TARGET_NAME)";
				SWIFT_EMIT_LOC_STRINGS = NO;
				SWIFT_VERSION = 5.0;
				TARGETED_DEVICE_FAMILY = "1,2";
				TEST_TARGET_NAME = GIPHY;
			};
			name = Debug;
		};
		F465673328ADE18F00094FA2 /* Release */ = {
			isa = XCBuildConfiguration;
			baseConfigurationReference = 22702BDBCF10B1F7BD5F9F6D /* Pods-GIPHY-GIPHYUITests.release.xcconfig */;
			buildSettings = {
				ALWAYS_EMBED_SWIFT_STANDARD_LIBRARIES = "$(inherited)";
				CODE_SIGN_STYLE = Automatic;
				CURRENT_PROJECT_VERSION = 1;
				DEVELOPMENT_TEAM = AT2N75TMZD;
				GENERATE_INFOPLIST_FILE = YES;
				MARKETING_VERSION = 1.0;
				PRODUCT_BUNDLE_IDENTIFIER = com.simon.GIPHYUITests;
				PRODUCT_NAME = "$(TARGET_NAME)";
				SWIFT_EMIT_LOC_STRINGS = NO;
				SWIFT_VERSION = 5.0;
				TARGETED_DEVICE_FAMILY = "1,2";
				TEST_TARGET_NAME = GIPHY;
			};
			name = Release;
		};
/* End XCBuildConfiguration section */

/* Begin XCConfigurationList section */
		F46566F928ADE18D00094FA2 /* Build configuration list for PBXProject "GIPHY" */ = {
			isa = XCConfigurationList;
			buildConfigurations = (
				F465672928ADE18F00094FA2 /* Debug */,
				F465672A28ADE18F00094FA2 /* Release */,
			);
			defaultConfigurationIsVisible = 0;
			defaultConfigurationName = Release;
		};
		F465672B28ADE18F00094FA2 /* Build configuration list for PBXNativeTarget "GIPHY" */ = {
			isa = XCConfigurationList;
			buildConfigurations = (
				F465672C28ADE18F00094FA2 /* Debug */,
				F465672D28ADE18F00094FA2 /* Release */,
			);
			defaultConfigurationIsVisible = 0;
			defaultConfigurationName = Release;
		};
		F465672E28ADE18F00094FA2 /* Build configuration list for PBXNativeTarget "GIPHYTests" */ = {
			isa = XCConfigurationList;
			buildConfigurations = (
				F465672F28ADE18F00094FA2 /* Debug */,
				F465673028ADE18F00094FA2 /* Release */,
			);
			defaultConfigurationIsVisible = 0;
			defaultConfigurationName = Release;
		};
		F465673128ADE18F00094FA2 /* Build configuration list for PBXNativeTarget "GIPHYUITests" */ = {
			isa = XCConfigurationList;
			buildConfigurations = (
				F465673228ADE18F00094FA2 /* Debug */,
				F465673328ADE18F00094FA2 /* Release */,
			);
			defaultConfigurationIsVisible = 0;
			defaultConfigurationName = Release;
		};
/* End XCConfigurationList section */

/* Begin XCVersionGroup section */
		F465670A28ADE18D00094FA2 /* GIPHYData.xcdatamodeld */ = {
			isa = XCVersionGroup;
			children = (
				F465670B28ADE18D00094FA2 /* GIPHY.xcdatamodel */,
			);
			currentVersion = F465670B28ADE18D00094FA2 /* GIPHY.xcdatamodel */;
			path = GIPHYData.xcdatamodeld;
			sourceTree = "<group>";
			versionGroupType = wrapper.xcdatamodel;
		};
/* End XCVersionGroup section */
	};
	rootObject = F46566F628ADE18D00094FA2 /* Project object */;
}
